
Microsoft Visual Studio Solution File, Format Version 12.00
# Visual Studio 2013
VisualStudioVersion = 12.0.21005.1
MinimumVisualStudioVersion = 10.0.40219.1
Project("{8BC9CEB8-8B4A-11D0-8D11-00A0C91BC942}") = "easy66_plus_one", "easy66_plus_one\easy66_plus_one.vcxproj", "{8767244A-BF25-4EAE-BBE0-7EC5094F6275}"
EndProject
Project("{8BC9CEB8-8B4A-11D0-8D11-00A0C91BC942}") = "easy14_longest_common_prefix", "easy14_longest_common_prefix\easy14_longest_common_prefix.vcxproj", "{9B29B072-EF0F-461C-BE9A-3848DAD51DB6}"
EndProject
Project("{8BC9CEB8-8B4A-11D0-8D11-00A0C91BC942}") = "easy13_roman_to_integer", "easy13_roman_to_integer\easy13_roman_to_integer.vcxproj", "{7C8941E2-AC62-4257-9B9B-F0ACD0477982}"
EndProject
Project("{8BC9CEB8-8B4A-11D0-8D11-00A0C91BC942}") = "easy58_length_of_last_word", "easy58_length_of_last_word\easy58_length_of_last_word.vcxproj", "{E1443719-9208-461B-97DC-BFD5E282735B}"
EndProject
Project("{8BC9CEB8-8B4A-11D0-8D11-00A0C91BC942}") = "easy217_contains_duplicate", "easy217_contains_duplicate\easy217_contains_duplicate.vcxproj", "{F2C3381B-EB49-4AFE-A3CB-98631939490A}"
EndProject
Project("{8BC9CEB8-8B4A-11D0-8D11-00A0C91BC942}") = "easy206_reverse_link_list", "easy206_reverse_link_list\easy206_reverse_link_list.vcxproj", "{5045FAFB-F33A-4BF5-97D0-9D22D4268A3E}"
EndProject
Project("{8BC9CEB8-8B4A-11D0-8D11-00A0C91BC942}") = "easy205_isomorphic_strings", "easy205_isomorphic_strings\easy205_isomorphic_strings.vcxproj", "{1470925E-7D09-45C2-9000-BFFFD0913F89}"
EndProject
Project("{8BC9CEB8-8B4A-11D0-8D11-00A0C91BC942}") = "easy204_count_primes", "easy204_count_primes\easy204_count_primes.vcxproj", "{D68FB613-8694-4328-8FE0-A0989DD3CF43}"
EndProject
Project("{8BC9CEB8-8B4A-11D0-8D11-00A0C91BC942}") = "easy110_balanced_binary_tree", "easy110_balanced_binary_tree\easy110_balanced_binary_tree.vcxproj", "{4AC6A8B3-0D8E-4EF1-A741-2C6F9A72B6CE}"
EndProject
Project("{8BC9CEB8-8B4A-11D0-8D11-00A0C91BC942}") = "easy104_maximum_depth_of_binary_tree", "easy104_maximum_depth_of_binary_tree\easy104_maximum_depth_of_binary_tree.vcxproj", "{FF2A6103-1A28-4E36-A30D-0EAD6351FC2E}"
EndProject
Project("{8BC9CEB8-8B4A-11D0-8D11-00A0C91BC942}") = "easy111_minimum_depth_of_binary_tree", "easy111_minimum_depth_of_binary_tree\easy111_minimum_depth_of_binary_tree.vcxproj", "{81220CF0-B353-4EF5-9532-BFE45D2D1393}"
EndProject
Project("{8BC9CEB8-8B4A-11D0-8D11-00A0C91BC942}") = "easy100_same_tree", "easy100_same_tree\easy100_same_tree.vcxproj", "{F438BE1C-7332-4769-B397-50B8624B0A61}"
EndProject
Project("{8BC9CEB8-8B4A-11D0-8D11-00A0C91BC942}") = "easy101_symmetric_tree", "easy101_symmetric_tree\easy101_symmetric_tree.vcxproj", "{8EA3F038-C52F-44A9-9076-D27C81F09871}"
EndProject
Global
	GlobalSection(SolutionConfigurationPlatforms) = preSolution
		Debug|Win32 = Debug|Win32
		Release|Win32 = Release|Win32
	EndGlobalSection
	GlobalSection(ProjectConfigurationPlatforms) = postSolution
		{8767244A-BF25-4EAE-BBE0-7EC5094F6275}.Debug|Win32.ActiveCfg = Debug|Win32
		{8767244A-BF25-4EAE-BBE0-7EC5094F6275}.Debug|Win32.Build.0 = Debug|Win32
		{8767244A-BF25-4EAE-BBE0-7EC5094F6275}.Release|Win32.ActiveCfg = Release|Win32
		{8767244A-BF25-4EAE-BBE0-7EC5094F6275}.Release|Win32.Build.0 = Release|Win32
		{9B29B072-EF0F-461C-BE9A-3848DAD51DB6}.Debug|Win32.ActiveCfg = Debug|Win32
		{9B29B072-EF0F-461C-BE9A-3848DAD51DB6}.Debug|Win32.Build.0 = Debug|Win32
		{9B29B072-EF0F-461C-BE9A-3848DAD51DB6}.Release|Win32.ActiveCfg = Release|Win32
		{9B29B072-EF0F-461C-BE9A-3848DAD51DB6}.Release|Win32.Build.0 = Release|Win32
		{7C8941E2-AC62-4257-9B9B-F0ACD0477982}.Debug|Win32.ActiveCfg = Debug|Win32
		{7C8941E2-AC62-4257-9B9B-F0ACD0477982}.Debug|Win32.Build.0 = Debug|Win32
		{7C8941E2-AC62-4257-9B9B-F0ACD0477982}.Release|Win32.ActiveCfg = Release|Win32
		{7C8941E2-AC62-4257-9B9B-F0ACD0477982}.Release|Win32.Build.0 = Release|Win32
		{E1443719-9208-461B-97DC-BFD5E282735B}.Debug|Win32.ActiveCfg = Debug|Win32
		{E1443719-9208-461B-97DC-BFD5E282735B}.Debug|Win32.Build.0 = Debug|Win32
		{E1443719-9208-461B-97DC-BFD5E282735B}.Release|Win32.ActiveCfg = Release|Win32
		{E1443719-9208-461B-97DC-BFD5E282735B}.Release|Win32.Build.0 = Release|Win32
		{F2C3381B-EB49-4AFE-A3CB-98631939490A}.Debug|Win32.ActiveCfg = Debug|Win32
		{F2C3381B-EB49-4AFE-A3CB-98631939490A}.Debug|Win32.Build.0 = Debug|Win32
		{F2C3381B-EB49-4AFE-A3CB-98631939490A}.Release|Win32.ActiveCfg = Release|Win32
		{F2C3381B-EB49-4AFE-A3CB-98631939490A}.Release|Win32.Build.0 = Release|Win32
		{5045FAFB-F33A-4BF5-97D0-9D22D4268A3E}.Debug|Win32.ActiveCfg = Debug|Win32
		{5045FAFB-F33A-4BF5-97D0-9D22D4268A3E}.Debug|Win32.Build.0 = Debug|Win32
		{5045FAFB-F33A-4BF5-97D0-9D22D4268A3E}.Release|Win32.ActiveCfg = Release|Win32
		{5045FAFB-F33A-4BF5-97D0-9D22D4268A3E}.Release|Win32.Build.0 = Release|Win32
		{1470925E-7D09-45C2-9000-BFFFD0913F89}.Debug|Win32.ActiveCfg = Debug|Win32
		{1470925E-7D09-45C2-9000-BFFFD0913F89}.Debug|Win32.Build.0 = Debug|Win32
		{1470925E-7D09-45C2-9000-BFFFD0913F89}.Release|Win32.ActiveCfg = Release|Win32
		{1470925E-7D09-45C2-9000-BFFFD0913F89}.Release|Win32.Build.0 = Release|Win32
		{D68FB613-8694-4328-8FE0-A0989DD3CF43}.Debug|Win32.ActiveCfg = Debug|Win32
		{D68FB613-8694-4328-8FE0-A0989DD3CF43}.Debug|Win32.Build.0 = Debug|Win32
		{D68FB613-8694-4328-8FE0-A0989DD3CF43}.Release|Win32.ActiveCfg = Release|Win32
		{D68FB613-8694-4328-8FE0-A0989DD3CF43}.Release|Win32.Build.0 = Release|Win32
		{4AC6A8B3-0D8E-4EF1-A741-2C6F9A72B6CE}.Debug|Win32.ActiveCfg = Debug|Win32
		{4AC6A8B3-0D8E-4EF1-A741-2C6F9A72B6CE}.Debug|Win32.Build.0 = Debug|Win32
		{4AC6A8B3-0D8E-4EF1-A741-2C6F9A72B6CE}.Release|Win32.ActiveCfg = Release|Win32
		{4AC6A8B3-0D8E-4EF1-A741-2C6F9A72B6CE}.Release|Win32.Build.0 = Release|Win32
		{FF2A6103-1A28-4E36-A30D-0EAD6351FC2E}.Debug|Win32.ActiveCfg = Debug|Win32
		{FF2A6103-1A28-4E36-A30D-0EAD6351FC2E}.Debug|Win32.Build.0 = Debug|Win32
		{FF2A6103-1A28-4E36-A30D-0EAD6351FC2E}.Release|Win32.ActiveCfg = Release|Win32
		{FF2A6103-1A28-4E36-A30D-0EAD6351FC2E}.Release|Win32.Build.0 = Release|Win32
		{81220CF0-B353-4EF5-9532-BFE45D2D1393}.Debug|Win32.ActiveCfg = Debug|Win32
		{81220CF0-B353-4EF5-9532-BFE45D2D1393}.Debug|Win32.Build.0 = Debug|Win32
		{81220CF0-B353-4EF5-9532-BFE45D2D1393}.Release|Win32.ActiveCfg = Release|Win32
		{81220CF0-B353-4EF5-9532-BFE45D2D1393}.Release|Win32.Build.0 = Release|Win32
		{F438BE1C-7332-4769-B397-50B8624B0A61}.Debug|Win32.ActiveCfg = Debug|Win32
		{F438BE1C-7332-4769-B397-50B8624B0A61}.Debug|Win32.Build.0 = Debug|Win32
		{F438BE1C-7332-4769-B397-50B8624B0A61}.Release|Win32.ActiveCfg = Release|Win32
		{F438BE1C-7332-4769-B397-50B8624B0A61}.Release|Win32.Build.0 = Release|Win32
		{8EA3F038-C52F-44A9-9076-D27C81F09871}.Debug|Win32.ActiveCfg = Debug|Win32
		{8EA3F038-C52F-44A9-9076-D27C81F09871}.Debug|Win32.Build.0 = Debug|Win32
		{8EA3F038-C52F-44A9-9076-D27C81F09871}.Release|Win32.ActiveCfg = Release|Win32
		{8EA3F038-C52F-44A9-9076-D27C81F09871}.Release|Win32.Build.0 = Release|Win32
	EndGlobalSection
	GlobalSection(SolutionProperties) = preSolution
		HideSolutionNode = FALSE
	EndGlobalSection
EndGlobal
