
Microsoft Visual Studio Solution File, Format Version 12.00
# Visual Studio 2013
VisualStudioVersion = 12.0.21005.1
MinimumVisualStudioVersion = 10.0.40219.1
Project("{8BC9CEB8-8B4A-11D0-8D11-00A0C91BC942}") = "easy66_plus_one", "easy66_plus_one\easy66_plus_one.vcxproj", "{8767244A-BF25-4EAE-BBE0-7EC5094F6275}"
EndProject
Project("{8BC9CEB8-8B4A-11D0-8D11-00A0C91BC942}") = "easy14_longest_common_prefix", "easy14_longest_common_prefix\easy14_longest_common_prefix.vcxproj", "{9B29B072-EF0F-461C-BE9A-3848DAD51DB6}"
EndProject
Project("{8BC9CEB8-8B4A-11D0-8D11-00A0C91BC942}") = "easy13_roman_to_integer", "easy13_roman_to_integer\easy13_roman_to_integer.vcxproj", "{7C8941E2-AC62-4257-9B9B-F0ACD0477982}"
EndProject
Project("{8BC9CEB8-8B4A-11D0-8D11-00A0C91BC942}") = "easy58_length_of_last_word", "easy58_length_of_last_word\easy58_length_of_last_word.vcxproj", "{E1443719-9208-461B-97DC-BFD5E282735B}"
EndProject
Project("{8BC9CEB8-8B4A-11D0-8D11-00A0C91BC942}") = "easy217_contains_duplicate", "easy217_contains_duplicate\easy217_contains_duplicate.vcxproj", "{F2C3381B-EB49-4AFE-A3CB-98631939490A}"
EndProject
Project("{8BC9CEB8-8B4A-11D0-8D11-00A0C91BC942}") = "easy206_reverse_link_list", "easy206_reverse_link_list\easy206_reverse_link_list.vcxproj", "{5045FAFB-F33A-4BF5-97D0-9D22D4268A3E}"
EndProject
Project("{8BC9CEB8-8B4A-11D0-8D11-00A0C91BC942}") = "easy205_isomorphic_strings", "easy205_isomorphic_strings\easy205_isomorphic_strings.vcxproj", "{1470925E-7D09-45C2-9000-BFFFD0913F89}"
EndProject
Project("{8BC9CEB8-8B4A-11D0-8D11-00A0C91BC942}") = "easy204_count_primes", "easy204_count_primes\easy204_count_primes.vcxproj", "{D68FB613-8694-4328-8FE0-A0989DD3CF43}"
EndProject
Project("{8BC9CEB8-8B4A-11D0-8D11-00A0C91BC942}") = "easy110_balanced_binary_tree", "easy110_balanced_binary_tree\easy110_balanced_binary_tree.vcxproj", "{4AC6A8B3-0D8E-4EF1-A741-2C6F9A72B6CE}"
EndProject
Project("{8BC9CEB8-8B4A-11D0-8D11-00A0C91BC942}") = "easy104_maximum_depth_of_binary_tree", "easy104_maximum_depth_of_binary_tree\easy104_maximum_depth_of_binary_tree.vcxproj", "{FF2A6103-1A28-4E36-A30D-0EAD6351FC2E}"
EndProject
Project("{8BC9CEB8-8B4A-11D0-8D11-00A0C91BC942}") = "easy111_minimum_depth_of_binary_tree", "easy111_minimum_depth_of_binary_tree\easy111_minimum_depth_of_binary_tree.vcxproj", "{81220CF0-B353-4EF5-9532-BFE45D2D1393}"
EndProject
Project("{8BC9CEB8-8B4A-11D0-8D11-00A0C91BC942}") = "easy100_same_tree", "easy100_same_tree\easy100_same_tree.vcxproj", "{F438BE1C-7332-4769-B397-50B8624B0A61}"
EndProject
Project("{8BC9CEB8-8B4A-11D0-8D11-00A0C91BC942}") = "easy101_symmetric_tree", "easy101_symmetric_tree\easy101_symmetric_tree.vcxproj", "{8EA3F038-C52F-44A9-9076-D27C81F09871}"
EndProject
Project("{8BC9CEB8-8B4A-11D0-8D11-00A0C91BC942}") = "easy112_path_sum", "easy112_path_sum\easy112_path_sum.vcxproj", "{D21A36FA-6411-42E0-BB6E-6480B8064BCD}"
EndProject
Project("{8BC9CEB8-8B4A-11D0-8D11-00A0C91BC942}") = "medium114_flatten_binary_tree_to_linked_list", "medium114_flatten_binary_tree_to_linked_list\medium114_flatten_binary_tree_to_linked_list.vcxproj", "{9345A588-EA70-4FAE-BE7A-46D2CCE5954B}"
EndProject
Project("{8BC9CEB8-8B4A-11D0-8D11-00A0C91BC942}") = "medium129_sum_root_to_leaf_nums", "medium129_sum_root_to_leaf_nums\medium129_sum_root_to_leaf_nums.vcxproj", "{BB0E6867-CCDD-4CB7-B8C4-7245013B0FCC}"
EndProject
Project("{8BC9CEB8-8B4A-11D0-8D11-00A0C91BC942}") = "medium108_convert_sorted_array_to_binary_search_tree", "medium108_convert_sorted_array_to_binary_search_tree\medium108_convert_sorted_array_to_binary_search_tree.vcxproj", "{24E1FFE5-4A7E-48ED-AA2D-5237E045CC56}"
EndProject
Project("{8BC9CEB8-8B4A-11D0-8D11-00A0C91BC942}") = "meidum109_convert_sorted_list_to_binary_search_tree", "meidum109_convert_sorted_list_to_binary_search_tree\meidum109_convert_sorted_list_to_binary_search_tree.vcxproj", "{31831F26-C6C7-4502-BF03-4FE1EB80B3D4}"
EndProject
Project("{8BC9CEB8-8B4A-11D0-8D11-00A0C91BC942}") = "medium113_path_sum_ii", "medium113_path_sum_ii\medium113_path_sum_ii.vcxproj", "{4E3C646A-0FE4-4BED-ABCD-3AAD4281BB91}"
EndProject
Project("{8BC9CEB8-8B4A-11D0-8D11-00A0C91BC942}") = "easy118_pascal_triangle", "easy118_pascal_triangle\easy118_pascal_triangle.vcxproj", "{51417563-9BBB-433B-8037-5886CCC1E6AF}"
EndProject
Project("{8BC9CEB8-8B4A-11D0-8D11-00A0C91BC942}") = "easy189_rotated_array", "easy189_rotated_array\easy189_rotated_array.vcxproj", "{5A2AE821-9760-4784-B06C-F7DBA205B770}"
EndProject
Project("{8BC9CEB8-8B4A-11D0-8D11-00A0C91BC942}") = "easy27_remove_element", "easy27_remove_element\easy27_remove_element.vcxproj", "{8E4E0541-088C-47C2-9D1B-A2141804E314}"
EndProject
Project("{8BC9CEB8-8B4A-11D0-8D11-00A0C91BC942}") = "easy96_uinque_binary_search_trees", "easy96_uinque_binary_search_trees\easy96_uinque_binary_search_trees.vcxproj", "{D41B85C3-3E4E-44CA-8DCB-4B2F8038ABA8}"
EndProject
Project("{8BC9CEB8-8B4A-11D0-8D11-00A0C91BC942}") = "easy53_maximum_subarray", "easy53_maximum_subarray\easy53_maximum_subarray.vcxproj", "{C9743BA6-0630-4745-9B5D-B82568ACF242}"
EndProject
Project("{8BC9CEB8-8B4A-11D0-8D11-00A0C91BC942}") = "easy26_remove_duplicates_from_sorted_array", "easy26_remove_duplicates_from_sorted_array\easy26_remove_duplicates_from_sorted_array.vcxproj", "{6292FE5E-20EC-4048-90B9-17D0F8A184EA}"
EndProject
Project("{8BC9CEB8-8B4A-11D0-8D11-00A0C91BC942}") = "medium69_sqrt_x", "medium69_sqrt_x\medium69_sqrt_x.vcxproj", "{FECDC24B-D159-4239-A2E3-186FC4C9E34E}"
EndProject
Project("{8BC9CEB8-8B4A-11D0-8D11-00A0C91BC942}") = "easy219_contains_duplicate_ii", "easy219_contains_duplicate_ii\easy219_contains_duplicate_ii.vcxproj", "{7EA20535-E36F-4799-8585-D5F162D1A11D}"
EndProject
Project("{8BC9CEB8-8B4A-11D0-8D11-00A0C91BC942}") = "easy119_pascal_triangle_ii", "easy119_pascal_triangle_ii\easy119_pascal_triangle_ii.vcxproj", "{5850A6D8-A704-4841-8520-BBEC50EBC2FC}"
EndProject
Project("{8BC9CEB8-8B4A-11D0-8D11-00A0C91BC942}") = "easy198_house_robber", "easy198_house_robber\easy198_house_robber.vcxproj", "{2F502789-10EA-44C2-8C33-518A42CB71E7}"
EndProject
Project("{8BC9CEB8-8B4A-11D0-8D11-00A0C91BC942}") = "easy202_happy_num", "easy202_happy_num\easy202_happy_num.vcxproj", "{ADE346B6-7894-4C85-BE89-39009283C24C}"
EndProject
Project("{8BC9CEB8-8B4A-11D0-8D11-00A0C91BC942}") = "easy203_remove_linked_list_elements", "easy203_remove_linked_list_elements\easy203_remove_linked_list_elements.vcxproj", "{D926A6C6-F595-4675-B8D9-D956A45BA480}"
EndProject
Project("{8BC9CEB8-8B4A-11D0-8D11-00A0C91BC942}") = "easy226_invert_binary_tree", "easy226_invert_binary_tree\easy226_invert_binary_tree.vcxproj", "{39FE013A-B8CD-4DF9-B036-6D8043AFD007}"
EndProject
Project("{8BC9CEB8-8B4A-11D0-8D11-00A0C91BC942}") = "easy191_numbers_of_1bits", "easy191_numbers_of_1bits\easy191_numbers_of_1bits.vcxproj", "{1A9B0C7C-C2D4-43C8-8AA6-91EC65D96221}"
EndProject
Project("{8BC9CEB8-8B4A-11D0-8D11-00A0C91BC942}") = "easy190_reverse_bits", "easy190_reverse_bits\easy190_reverse_bits.vcxproj", "{632F8435-4CCC-4A48-BC50-E9A98FF40A98}"
EndProject
Project("{8BC9CEB8-8B4A-11D0-8D11-00A0C91BC942}") = "easy155_min_stack", "easy155_min_stack\easy155_min_stack.vcxproj", "{5CB87060-AB00-4A8E-9A7D-3BDD5F9C21C7}"
EndProject
Project("{8BC9CEB8-8B4A-11D0-8D11-00A0C91BC942}") = "medium75_sort_colors", "medium75_sort_colors\medium75_sort_colors.vcxproj", "{84F7BAD0-866B-471E-A28D-B94DE7A656A6}"
EndProject
Project("{8BC9CEB8-8B4A-11D0-8D11-00A0C91BC942}") = "easy67_add_binary", "easy67_add_binary\easy67_add_binary.vcxproj", "{1D946C6F-4DBE-41C4-80E9-7163B741FE08}"
EndProject
Project("{8BC9CEB8-8B4A-11D0-8D11-00A0C91BC942}") = "easy88_merge_sorted_array", "easy88_merge_sorted_array\easy88_merge_sorted_array.vcxproj", "{BCEB81BF-ACC5-4BFB-95D6-672B83610CB2}"
EndProject
Project("{8BC9CEB8-8B4A-11D0-8D11-00A0C91BC942}") = "medium147_insertion_sort_list", "medium147_insertion_sort_list\medium147_insertion_sort_list.vcxproj", "{0A65E523-C376-4603-9E90-77A4365F203A}"
EndProject
Project("{8BC9CEB8-8B4A-11D0-8D11-00A0C91BC942}") = "easy6_zigzag_conversion", "easy6_zigzag_conversion\easy6_zigzag_conversion.vcxproj", "{8795B7CF-0EA5-462C-9EE8-AD377479BCC3}"
EndProject
Project("{8BC9CEB8-8B4A-11D0-8D11-00A0C91BC942}") = "medium106_construct_binary_tree_from_inorder_and_po", "medium106_construct_binary_tree_from_inorder_and_po\medium106_construct_binary_tree_from_inorder_and_po.vcxproj", "{2D4272A4-E69C-4A40-AFA2-1040E02B3F89}"
EndProject
Project("{8BC9CEB8-8B4A-11D0-8D11-00A0C91BC942}") = "easy144_binary_tree_preorder_traversal", "easy144_binary_tree_preorder_traversal\easy144_binary_tree_preorder_traversal.vcxproj", "{46115AA2-D1EE-4BD7-AD21-0822B9FFF507}"
EndProject
Project("{8BC9CEB8-8B4A-11D0-8D11-00A0C91BC942}") = "medium94_binary_inorder_traversal", "medium94_binary_inorder_traversal\medium94_binary_inorder_traversal.vcxproj", "{FBB4F159-1D52-4172-AD7C-71CBC72E0F00}"
EndProject
Project("{8BC9CEB8-8B4A-11D0-8D11-00A0C91BC942}") = "hard145_binary_tree_postorder_traversal", "hard145_binary_tree_postorder_traversal\hard145_binary_tree_postorder_traversal.vcxproj", "{AC414044-F67A-4E40-8203-22D2F54C6F1E}"
EndProject
Project("{8BC9CEB8-8B4A-11D0-8D11-00A0C91BC942}") = "medium105_construct_binary_tree_frome_pre", "medium105_construct_binary_tree_frome_pre\medium105_construct_binary_tree_frome_pre.vcxproj", "{45465312-221A-4839-94F1-8E8D48317718}"
EndProject
Project("{8BC9CEB8-8B4A-11D0-8D11-00A0C91BC942}") = "easy7_reverse_integer", "easy7_reverse_integer\easy7_reverse_integer.vcxproj", "{C9B4F6E9-B3A5-48F6-BE55-175165B92E23}"
EndProject
Project("{8BC9CEB8-8B4A-11D0-8D11-00A0C91BC942}") = "easy172_factorial_trailling_zeros", "easy172_factorial_trailling_zeros\easy172_factorial_trailling_zeros.vcxproj", "{6C73D486-CD2D-41EE-8E80-06C0B5336ED0}"
EndProject
Project("{8BC9CEB8-8B4A-11D0-8D11-00A0C91BC942}") = "medium139_word_break", "medium139_word_break\medium139_word_break.vcxproj", "{50B0B61F-8B03-46CA-A576-63301DCA0F20}"
EndProject
Project("{8BC9CEB8-8B4A-11D0-8D11-00A0C91BC942}") = "easy228_summary_range", "easy228_summary_range\easy228_summary_range.vcxproj", "{1058637B-57EA-4735-BED8-CB80841F9E28}"
EndProject
Project("{8BC9CEB8-8B4A-11D0-8D11-00A0C91BC942}") = "medium11_container_with_most_water", "medium11_container_with_most_water\medium11_container_with_most_water.vcxproj", "{9AB7B5A0-BE7E-4A00-ABC1-FD0187884295}"
EndProject
Project("{8BC9CEB8-8B4A-11D0-8D11-00A0C91BC942}") = "medium220_contains_duplicate_iii", "medium220_contains_duplicate_iii\medium220_contains_duplicate_iii.vcxproj", "{2254073E-5281-432F-9714-A0F837D5A439}"
EndProject
Project("{8BC9CEB8-8B4A-11D0-8D11-00A0C91BC942}") = "easy223_rectangle_area", "easy223_rectangle_area\easy223_rectangle_area.vcxproj", "{ED09ADF9-5515-46DE-89E8-52E7B2456355}"
EndProject
Project("{8BC9CEB8-8B4A-11D0-8D11-00A0C91BC942}") = "medium179_largest_number", "medium179_largest_number\medium179_largest_number.vcxproj", "{7B9BD4C5-0769-4E8B-A10C-1A398C5E76BE}"
EndProject
Project("{8BC9CEB8-8B4A-11D0-8D11-00A0C91BC942}") = "easy102_binary_tree_level_traversal", "easy102_binary_tree_level_traversal\easy102_binary_tree_level_traversal.vcxproj", "{E69FAF7C-CD90-4B7D-821B-8B50D6B182BC}"
EndProject
Project("{8BC9CEB8-8B4A-11D0-8D11-00A0C91BC942}") = "easy12_integeer_to_roman", "easy12_integeer_to_roman\easy12_integeer_to_roman.vcxproj", "{E5B74739-470E-44E2-AE90-E02E2AAC2B9C}"
EndProject
Project("{8BC9CEB8-8B4A-11D0-8D11-00A0C91BC942}") = "medium153_find_min_in_rotated_sorted_array", "medium153_find_min_in_rotated_sorted_array\medium153_find_min_in_rotated_sorted_array.vcxproj", "{23E3B8D4-733F-4F4A-9E2C-5203CCFF05DE}"
EndProject
Project("{8BC9CEB8-8B4A-11D0-8D11-00A0C91BC942}") = "medium151_reverse_words_in_a_string", "medium151_reverse_words_in_a_string\medium151_reverse_words_in_a_string.vcxproj", "{92CF26C1-FF9C-40AD-AA10-84A647D8638F}"
EndProject
Project("{8BC9CEB8-8B4A-11D0-8D11-00A0C91BC942}") = "medium136_single_number", "medium136_single_number\medium136_single_number.vcxproj", "{8DC61A4B-996E-4BFB-A3C1-23566D0F965B}"
EndProject
Project("{8BC9CEB8-8B4A-11D0-8D11-00A0C91BC942}") = "medium137_single_number_ii", "medium137_single_number_ii\medium137_single_number_ii.vcxproj", "{A968819C-462B-4BFB-8DC7-B7028DDC6ADD}"
EndProject
Project("{8BC9CEB8-8B4A-11D0-8D11-00A0C91BC942}") = "medium107_binary_tree_level_traversal_ii", "medium107_binary_tree_level_traversal_ii\medium107_binary_tree_level_traversal_ii.vcxproj", "{AE67EC5C-598F-4E10-AD9E-4C7980BE4860}"
EndProject
Project("{8BC9CEB8-8B4A-11D0-8D11-00A0C91BC942}") = "medium141_linked_list_cycle", "medium141_linked_list_cycle\medium141_linked_list_cycle.vcxproj", "{EE64F3D4-9FE1-4A13-AB23-66AE93EAC823}"
EndProject
Project("{8BC9CEB8-8B4A-11D0-8D11-00A0C91BC942}") = "medium142_linked_list_cycle_ii", "medium142_linked_list_cycle_ii\medium142_linked_list_cycle_ii.vcxproj", "{8289023F-015C-4D86-ACCB-4559C3D25921}"
EndProject
Project("{8BC9CEB8-8B4A-11D0-8D11-00A0C91BC942}") = "medium127_word_ladder", "medium127_word_ladder\medium127_word_ladder.vcxproj", "{93EFBDF4-3059-4115-A8C2-E39CC2FAB7D8}"
EndProject
Project("{8BC9CEB8-8B4A-11D0-8D11-00A0C91BC942}") = "easy171_excel_sheet_column_number", "easy171_excel_sheet_column_number\easy171_excel_sheet_column_number.vcxproj", "{35FE5806-0583-4D98-87DF-37B09F29C284}"
EndProject
Project("{8BC9CEB8-8B4A-11D0-8D11-00A0C91BC942}") = "medium24_swap_nodes_in_pairs", "medium24_swap_nodes_in_pairs\medium24_swap_nodes_in_pairs.vcxproj", "{67C37FD3-DA6B-40BE-AF75-20DD3D89756B}"
EndProject
Project("{8BC9CEB8-8B4A-11D0-8D11-00A0C91BC942}") = "medium162_find_peak_elements", "medium162_find_peak_elements\medium162_find_peak_elements.vcxproj", "{EDBE732D-B233-4DBD-BC0B-D732FD86DD9C}"
EndProject
Project("{8BC9CEB8-8B4A-11D0-8D11-00A0C91BC942}") = "medium116_populating_next_right_pointers", "medium116_populating_next_right_pointers\medium116_populating_next_right_pointers.vcxproj", "{24F58249-A462-403B-A87D-2D4A0C477D7A}"
EndProject
Project("{8BC9CEB8-8B4A-11D0-8D11-00A0C91BC942}") = "medium17_letter_combinations_of_a_phone_number", "medium17_letter_combinations_of_a_phone_number\medium17_letter_combinations_of_a_phone_number.vcxproj", "{F7744BF8-BB9F-4BB9-B44E-7C269D293D92}"
EndProject
Project("{8BC9CEB8-8B4A-11D0-8D11-00A0C91BC942}") = "easy169_majority_elements", "easy169_majority_elements\easy169_majority_elements.vcxproj", "{E34EF5CB-674B-488A-B716-FE2A9EDA76DE}"
EndProject
Project("{8BC9CEB8-8B4A-11D0-8D11-00A0C91BC942}") = "easy168_excel_sheet_column_title", "easy168_excel_sheet_column_title\easy168_excel_sheet_column_title.vcxproj", "{D45DF0B7-978F-4AED-B8DE-7E1E91E84AAE}"
EndProject
Project("{8BC9CEB8-8B4A-11D0-8D11-00A0C91BC942}") = "medium224_basic_calculator", "medium224_basic_calculator\medium224_basic_calculator.vcxproj", "{12CDF3BB-4B76-4190-8A2E-C136A5E69D7D}"
EndProject
Project("{8BC9CEB8-8B4A-11D0-8D11-00A0C91BC942}") = "easy231_power_of_two", "easy231_power_of_two\easy231_power_of_two.vcxproj", "{09F70A02-9118-416B-ABB4-8990BCBA997D}"
EndProject
Project("{8BC9CEB8-8B4A-11D0-8D11-00A0C91BC942}") = "easy38_count_and_say", "easy38_count_and_say\easy38_count_and_say.vcxproj", "{F7EC10FA-8397-48D7-82AB-637434CABEB9}"
EndProject
Project("{8BC9CEB8-8B4A-11D0-8D11-00A0C91BC942}") = "medium201_bitwise_and_of_numbers_range", "medium201_bitwise_and_of_numbers_range\medium201_bitwise_and_of_numbers_range.vcxproj", "{A441DB01-8C18-4016-8AB6-C81B6C1B7A07}"
EndProject
Project("{8BC9CEB8-8B4A-11D0-8D11-00A0C91BC942}") = "medium2_add_two_numbers", "medium2_add_two_numbers\medium2_add_two_numbers.vcxproj", "{F06989E9-B307-4D6A-B704-2A2B1D2B7F29}"
EndProject
Project("{8BC9CEB8-8B4A-11D0-8D11-00A0C91BC942}") = "medium89_gray_code", "medium89_gray_code\medium89_gray_code.vcxproj", "{F46A3154-53FE-4AE1-BEBA-500A8CFCAF81}"
EndProject
Project("{8BC9CEB8-8B4A-11D0-8D11-00A0C91BC942}") = "easy9_palindrome_number", "easy9_palindrome_number\easy9_palindrome_number.vcxproj", "{CA81CF1D-38F7-4305-9F08-EF155642CBCB}"
EndProject
Project("{8BC9CEB8-8B4A-11D0-8D11-00A0C91BC942}") = "medium35_search_insert_position", "medium35_search_insert_position\medium35_search_insert_position.vcxproj", "{FEA94AF5-74A2-400A-B6DD-E84BE336D0BF}"
EndProject
Project("{8BC9CEB8-8B4A-11D0-8D11-00A0C91BC942}") = "medium43_multiply_string", "medium43_multiply_string\medium43_multiply_string.vcxproj", "{FBA1B122-347F-411B-BBB3-4F225098F345}"
EndProject
Project("{8BC9CEB8-8B4A-11D0-8D11-00A0C91BC942}") = "medium133_clone_graph", "medium133_clone_graph\medium133_clone_graph.vcxproj", "{8A7CD685-26C2-4D41-98E4-D72CE34E0BD4}"
EndProject
Project("{8BC9CEB8-8B4A-11D0-8D11-00A0C91BC942}") = "easy237_delete_node_in_linked_list", "easy237_delete_node_in_linked_list\easy237_delete_node_in_linked_list.vcxproj", "{1A66E7FB-0D8B-4828-8644-052B1A842349}"
EndProject
Project("{8BC9CEB8-8B4A-11D0-8D11-00A0C91BC942}") = "medium62_unique_paths", "medium62_unique_paths\medium62_unique_paths.vcxproj", "{06735855-2502-4411-B821-A7E68153BFC3}"
EndProject
Project("{8BC9CEB8-8B4A-11D0-8D11-00A0C91BC942}") = "medium22_generate_parentheses.cpp", "medium22_generate_parentheses.cpp\medium22_generate_parentheses.cpp.vcxproj", "{6C2B546F-1175-4FFF-A943-B993C7B16C33}"
EndProject
Project("{8BC9CEB8-8B4A-11D0-8D11-00A0C91BC942}") = "easy165_compare_version_number", "easy165_compare_version_number\easy165_compare_version_number.vcxproj", "{D4E54071-EC22-49D4-9198-4C933878D230}"
EndProject
Project("{8BC9CEB8-8B4A-11D0-8D11-00A0C91BC942}") = "medium227_basic_calculator", "medium227_basic_calculator\medium227_basic_calculator.vcxproj", "{D72F0B68-AE7D-47F8-8F71-9BB1E1E1C688}"
EndProject
Project("{8BC9CEB8-8B4A-11D0-8D11-00A0C91BC942}") = "medium93_restore_ip_address", "medium93_restore_ip_address\medium93_restore_ip_address.vcxproj", "{F7FFCE9C-610F-467D-82AA-E5A124B679C3}"
EndProject
Project("{8BC9CEB8-8B4A-11D0-8D11-00A0C91BC942}") = "easy20_valid_parentheses", "easy20_valid_parentheses\easy20_valid_parentheses.vcxproj", "{BFBF831F-4E33-4667-9E65-9E0302BE0AF7}"
EndProject
Global
	GlobalSection(SolutionConfigurationPlatforms) = preSolution
		CD_ROM|Win32 = CD_ROM|Win32
		Debug|Win32 = Debug|Win32
		DVD-5|Win32 = DVD-5|Win32
		Release|Win32 = Release|Win32
		SingleImage|Win32 = SingleImage|Win32
	EndGlobalSection
	GlobalSection(ProjectConfigurationPlatforms) = postSolution
		{8767244A-BF25-4EAE-BBE0-7EC5094F6275}.CD_ROM|Win32.ActiveCfg = Release|Win32
		{8767244A-BF25-4EAE-BBE0-7EC5094F6275}.CD_ROM|Win32.Build.0 = Release|Win32
		{8767244A-BF25-4EAE-BBE0-7EC5094F6275}.Debug|Win32.ActiveCfg = Debug|Win32
		{8767244A-BF25-4EAE-BBE0-7EC5094F6275}.Debug|Win32.Build.0 = Debug|Win32
		{8767244A-BF25-4EAE-BBE0-7EC5094F6275}.DVD-5|Win32.ActiveCfg = Debug|Win32
		{8767244A-BF25-4EAE-BBE0-7EC5094F6275}.DVD-5|Win32.Build.0 = Debug|Win32
		{8767244A-BF25-4EAE-BBE0-7EC5094F6275}.Release|Win32.ActiveCfg = Release|Win32
		{8767244A-BF25-4EAE-BBE0-7EC5094F6275}.Release|Win32.Build.0 = Release|Win32
		{8767244A-BF25-4EAE-BBE0-7EC5094F6275}.SingleImage|Win32.ActiveCfg = Release|Win32
		{8767244A-BF25-4EAE-BBE0-7EC5094F6275}.SingleImage|Win32.Build.0 = Release|Win32
		{9B29B072-EF0F-461C-BE9A-3848DAD51DB6}.CD_ROM|Win32.ActiveCfg = Release|Win32
		{9B29B072-EF0F-461C-BE9A-3848DAD51DB6}.CD_ROM|Win32.Build.0 = Release|Win32
		{9B29B072-EF0F-461C-BE9A-3848DAD51DB6}.Debug|Win32.ActiveCfg = Debug|Win32
		{9B29B072-EF0F-461C-BE9A-3848DAD51DB6}.Debug|Win32.Build.0 = Debug|Win32
		{9B29B072-EF0F-461C-BE9A-3848DAD51DB6}.DVD-5|Win32.ActiveCfg = Debug|Win32
		{9B29B072-EF0F-461C-BE9A-3848DAD51DB6}.DVD-5|Win32.Build.0 = Debug|Win32
		{9B29B072-EF0F-461C-BE9A-3848DAD51DB6}.Release|Win32.ActiveCfg = Release|Win32
		{9B29B072-EF0F-461C-BE9A-3848DAD51DB6}.Release|Win32.Build.0 = Release|Win32
		{9B29B072-EF0F-461C-BE9A-3848DAD51DB6}.SingleImage|Win32.ActiveCfg = Release|Win32
		{9B29B072-EF0F-461C-BE9A-3848DAD51DB6}.SingleImage|Win32.Build.0 = Release|Win32
		{7C8941E2-AC62-4257-9B9B-F0ACD0477982}.CD_ROM|Win32.ActiveCfg = Release|Win32
		{7C8941E2-AC62-4257-9B9B-F0ACD0477982}.CD_ROM|Win32.Build.0 = Release|Win32
		{7C8941E2-AC62-4257-9B9B-F0ACD0477982}.Debug|Win32.ActiveCfg = Debug|Win32
		{7C8941E2-AC62-4257-9B9B-F0ACD0477982}.Debug|Win32.Build.0 = Debug|Win32
		{7C8941E2-AC62-4257-9B9B-F0ACD0477982}.DVD-5|Win32.ActiveCfg = Debug|Win32
		{7C8941E2-AC62-4257-9B9B-F0ACD0477982}.DVD-5|Win32.Build.0 = Debug|Win32
		{7C8941E2-AC62-4257-9B9B-F0ACD0477982}.Release|Win32.ActiveCfg = Release|Win32
		{7C8941E2-AC62-4257-9B9B-F0ACD0477982}.Release|Win32.Build.0 = Release|Win32
		{7C8941E2-AC62-4257-9B9B-F0ACD0477982}.SingleImage|Win32.ActiveCfg = Release|Win32
		{7C8941E2-AC62-4257-9B9B-F0ACD0477982}.SingleImage|Win32.Build.0 = Release|Win32
		{E1443719-9208-461B-97DC-BFD5E282735B}.CD_ROM|Win32.ActiveCfg = Release|Win32
		{E1443719-9208-461B-97DC-BFD5E282735B}.CD_ROM|Win32.Build.0 = Release|Win32
		{E1443719-9208-461B-97DC-BFD5E282735B}.Debug|Win32.ActiveCfg = Debug|Win32
		{E1443719-9208-461B-97DC-BFD5E282735B}.Debug|Win32.Build.0 = Debug|Win32
		{E1443719-9208-461B-97DC-BFD5E282735B}.DVD-5|Win32.ActiveCfg = Debug|Win32
		{E1443719-9208-461B-97DC-BFD5E282735B}.DVD-5|Win32.Build.0 = Debug|Win32
		{E1443719-9208-461B-97DC-BFD5E282735B}.Release|Win32.ActiveCfg = Release|Win32
		{E1443719-9208-461B-97DC-BFD5E282735B}.Release|Win32.Build.0 = Release|Win32
		{E1443719-9208-461B-97DC-BFD5E282735B}.SingleImage|Win32.ActiveCfg = Release|Win32
		{E1443719-9208-461B-97DC-BFD5E282735B}.SingleImage|Win32.Build.0 = Release|Win32
		{F2C3381B-EB49-4AFE-A3CB-98631939490A}.CD_ROM|Win32.ActiveCfg = Release|Win32
		{F2C3381B-EB49-4AFE-A3CB-98631939490A}.CD_ROM|Win32.Build.0 = Release|Win32
		{F2C3381B-EB49-4AFE-A3CB-98631939490A}.Debug|Win32.ActiveCfg = Debug|Win32
		{F2C3381B-EB49-4AFE-A3CB-98631939490A}.Debug|Win32.Build.0 = Debug|Win32
		{F2C3381B-EB49-4AFE-A3CB-98631939490A}.DVD-5|Win32.ActiveCfg = Debug|Win32
		{F2C3381B-EB49-4AFE-A3CB-98631939490A}.DVD-5|Win32.Build.0 = Debug|Win32
		{F2C3381B-EB49-4AFE-A3CB-98631939490A}.Release|Win32.ActiveCfg = Release|Win32
		{F2C3381B-EB49-4AFE-A3CB-98631939490A}.Release|Win32.Build.0 = Release|Win32
		{F2C3381B-EB49-4AFE-A3CB-98631939490A}.SingleImage|Win32.ActiveCfg = Release|Win32
		{F2C3381B-EB49-4AFE-A3CB-98631939490A}.SingleImage|Win32.Build.0 = Release|Win32
		{5045FAFB-F33A-4BF5-97D0-9D22D4268A3E}.CD_ROM|Win32.ActiveCfg = Release|Win32
		{5045FAFB-F33A-4BF5-97D0-9D22D4268A3E}.CD_ROM|Win32.Build.0 = Release|Win32
		{5045FAFB-F33A-4BF5-97D0-9D22D4268A3E}.Debug|Win32.ActiveCfg = Debug|Win32
		{5045FAFB-F33A-4BF5-97D0-9D22D4268A3E}.Debug|Win32.Build.0 = Debug|Win32
		{5045FAFB-F33A-4BF5-97D0-9D22D4268A3E}.DVD-5|Win32.ActiveCfg = Debug|Win32
		{5045FAFB-F33A-4BF5-97D0-9D22D4268A3E}.DVD-5|Win32.Build.0 = Debug|Win32
		{5045FAFB-F33A-4BF5-97D0-9D22D4268A3E}.Release|Win32.ActiveCfg = Release|Win32
		{5045FAFB-F33A-4BF5-97D0-9D22D4268A3E}.Release|Win32.Build.0 = Release|Win32
		{5045FAFB-F33A-4BF5-97D0-9D22D4268A3E}.SingleImage|Win32.ActiveCfg = Release|Win32
		{5045FAFB-F33A-4BF5-97D0-9D22D4268A3E}.SingleImage|Win32.Build.0 = Release|Win32
		{1470925E-7D09-45C2-9000-BFFFD0913F89}.CD_ROM|Win32.ActiveCfg = Release|Win32
		{1470925E-7D09-45C2-9000-BFFFD0913F89}.CD_ROM|Win32.Build.0 = Release|Win32
		{1470925E-7D09-45C2-9000-BFFFD0913F89}.Debug|Win32.ActiveCfg = Debug|Win32
		{1470925E-7D09-45C2-9000-BFFFD0913F89}.Debug|Win32.Build.0 = Debug|Win32
		{1470925E-7D09-45C2-9000-BFFFD0913F89}.DVD-5|Win32.ActiveCfg = Debug|Win32
		{1470925E-7D09-45C2-9000-BFFFD0913F89}.DVD-5|Win32.Build.0 = Debug|Win32
		{1470925E-7D09-45C2-9000-BFFFD0913F89}.Release|Win32.ActiveCfg = Release|Win32
		{1470925E-7D09-45C2-9000-BFFFD0913F89}.Release|Win32.Build.0 = Release|Win32
		{1470925E-7D09-45C2-9000-BFFFD0913F89}.SingleImage|Win32.ActiveCfg = Release|Win32
		{1470925E-7D09-45C2-9000-BFFFD0913F89}.SingleImage|Win32.Build.0 = Release|Win32
		{D68FB613-8694-4328-8FE0-A0989DD3CF43}.CD_ROM|Win32.ActiveCfg = Release|Win32
		{D68FB613-8694-4328-8FE0-A0989DD3CF43}.CD_ROM|Win32.Build.0 = Release|Win32
		{D68FB613-8694-4328-8FE0-A0989DD3CF43}.Debug|Win32.ActiveCfg = Debug|Win32
		{D68FB613-8694-4328-8FE0-A0989DD3CF43}.Debug|Win32.Build.0 = Debug|Win32
		{D68FB613-8694-4328-8FE0-A0989DD3CF43}.DVD-5|Win32.ActiveCfg = Debug|Win32
		{D68FB613-8694-4328-8FE0-A0989DD3CF43}.DVD-5|Win32.Build.0 = Debug|Win32
		{D68FB613-8694-4328-8FE0-A0989DD3CF43}.Release|Win32.ActiveCfg = Release|Win32
		{D68FB613-8694-4328-8FE0-A0989DD3CF43}.Release|Win32.Build.0 = Release|Win32
		{D68FB613-8694-4328-8FE0-A0989DD3CF43}.SingleImage|Win32.ActiveCfg = Release|Win32
		{D68FB613-8694-4328-8FE0-A0989DD3CF43}.SingleImage|Win32.Build.0 = Release|Win32
		{4AC6A8B3-0D8E-4EF1-A741-2C6F9A72B6CE}.CD_ROM|Win32.ActiveCfg = Release|Win32
		{4AC6A8B3-0D8E-4EF1-A741-2C6F9A72B6CE}.CD_ROM|Win32.Build.0 = Release|Win32
		{4AC6A8B3-0D8E-4EF1-A741-2C6F9A72B6CE}.Debug|Win32.ActiveCfg = Debug|Win32
		{4AC6A8B3-0D8E-4EF1-A741-2C6F9A72B6CE}.Debug|Win32.Build.0 = Debug|Win32
		{4AC6A8B3-0D8E-4EF1-A741-2C6F9A72B6CE}.DVD-5|Win32.ActiveCfg = Debug|Win32
		{4AC6A8B3-0D8E-4EF1-A741-2C6F9A72B6CE}.DVD-5|Win32.Build.0 = Debug|Win32
		{4AC6A8B3-0D8E-4EF1-A741-2C6F9A72B6CE}.Release|Win32.ActiveCfg = Release|Win32
		{4AC6A8B3-0D8E-4EF1-A741-2C6F9A72B6CE}.Release|Win32.Build.0 = Release|Win32
		{4AC6A8B3-0D8E-4EF1-A741-2C6F9A72B6CE}.SingleImage|Win32.ActiveCfg = Release|Win32
		{4AC6A8B3-0D8E-4EF1-A741-2C6F9A72B6CE}.SingleImage|Win32.Build.0 = Release|Win32
		{FF2A6103-1A28-4E36-A30D-0EAD6351FC2E}.CD_ROM|Win32.ActiveCfg = Release|Win32
		{FF2A6103-1A28-4E36-A30D-0EAD6351FC2E}.CD_ROM|Win32.Build.0 = Release|Win32
		{FF2A6103-1A28-4E36-A30D-0EAD6351FC2E}.Debug|Win32.ActiveCfg = Debug|Win32
		{FF2A6103-1A28-4E36-A30D-0EAD6351FC2E}.Debug|Win32.Build.0 = Debug|Win32
		{FF2A6103-1A28-4E36-A30D-0EAD6351FC2E}.DVD-5|Win32.ActiveCfg = Debug|Win32
		{FF2A6103-1A28-4E36-A30D-0EAD6351FC2E}.DVD-5|Win32.Build.0 = Debug|Win32
		{FF2A6103-1A28-4E36-A30D-0EAD6351FC2E}.Release|Win32.ActiveCfg = Release|Win32
		{FF2A6103-1A28-4E36-A30D-0EAD6351FC2E}.Release|Win32.Build.0 = Release|Win32
		{FF2A6103-1A28-4E36-A30D-0EAD6351FC2E}.SingleImage|Win32.ActiveCfg = Release|Win32
		{FF2A6103-1A28-4E36-A30D-0EAD6351FC2E}.SingleImage|Win32.Build.0 = Release|Win32
		{81220CF0-B353-4EF5-9532-BFE45D2D1393}.CD_ROM|Win32.ActiveCfg = Release|Win32
		{81220CF0-B353-4EF5-9532-BFE45D2D1393}.CD_ROM|Win32.Build.0 = Release|Win32
		{81220CF0-B353-4EF5-9532-BFE45D2D1393}.Debug|Win32.ActiveCfg = Debug|Win32
		{81220CF0-B353-4EF5-9532-BFE45D2D1393}.Debug|Win32.Build.0 = Debug|Win32
		{81220CF0-B353-4EF5-9532-BFE45D2D1393}.DVD-5|Win32.ActiveCfg = Debug|Win32
		{81220CF0-B353-4EF5-9532-BFE45D2D1393}.DVD-5|Win32.Build.0 = Debug|Win32
		{81220CF0-B353-4EF5-9532-BFE45D2D1393}.Release|Win32.ActiveCfg = Release|Win32
		{81220CF0-B353-4EF5-9532-BFE45D2D1393}.Release|Win32.Build.0 = Release|Win32
		{81220CF0-B353-4EF5-9532-BFE45D2D1393}.SingleImage|Win32.ActiveCfg = Release|Win32
		{81220CF0-B353-4EF5-9532-BFE45D2D1393}.SingleImage|Win32.Build.0 = Release|Win32
		{F438BE1C-7332-4769-B397-50B8624B0A61}.CD_ROM|Win32.ActiveCfg = Release|Win32
		{F438BE1C-7332-4769-B397-50B8624B0A61}.CD_ROM|Win32.Build.0 = Release|Win32
		{F438BE1C-7332-4769-B397-50B8624B0A61}.Debug|Win32.ActiveCfg = Debug|Win32
		{F438BE1C-7332-4769-B397-50B8624B0A61}.Debug|Win32.Build.0 = Debug|Win32
		{F438BE1C-7332-4769-B397-50B8624B0A61}.DVD-5|Win32.ActiveCfg = Debug|Win32
		{F438BE1C-7332-4769-B397-50B8624B0A61}.DVD-5|Win32.Build.0 = Debug|Win32
		{F438BE1C-7332-4769-B397-50B8624B0A61}.Release|Win32.ActiveCfg = Release|Win32
		{F438BE1C-7332-4769-B397-50B8624B0A61}.Release|Win32.Build.0 = Release|Win32
		{F438BE1C-7332-4769-B397-50B8624B0A61}.SingleImage|Win32.ActiveCfg = Release|Win32
		{F438BE1C-7332-4769-B397-50B8624B0A61}.SingleImage|Win32.Build.0 = Release|Win32
		{8EA3F038-C52F-44A9-9076-D27C81F09871}.CD_ROM|Win32.ActiveCfg = Release|Win32
		{8EA3F038-C52F-44A9-9076-D27C81F09871}.CD_ROM|Win32.Build.0 = Release|Win32
		{8EA3F038-C52F-44A9-9076-D27C81F09871}.Debug|Win32.ActiveCfg = Debug|Win32
		{8EA3F038-C52F-44A9-9076-D27C81F09871}.Debug|Win32.Build.0 = Debug|Win32
		{8EA3F038-C52F-44A9-9076-D27C81F09871}.DVD-5|Win32.ActiveCfg = Debug|Win32
		{8EA3F038-C52F-44A9-9076-D27C81F09871}.DVD-5|Win32.Build.0 = Debug|Win32
		{8EA3F038-C52F-44A9-9076-D27C81F09871}.Release|Win32.ActiveCfg = Release|Win32
		{8EA3F038-C52F-44A9-9076-D27C81F09871}.Release|Win32.Build.0 = Release|Win32
		{8EA3F038-C52F-44A9-9076-D27C81F09871}.SingleImage|Win32.ActiveCfg = Release|Win32
		{8EA3F038-C52F-44A9-9076-D27C81F09871}.SingleImage|Win32.Build.0 = Release|Win32
		{D21A36FA-6411-42E0-BB6E-6480B8064BCD}.CD_ROM|Win32.ActiveCfg = Release|Win32
		{D21A36FA-6411-42E0-BB6E-6480B8064BCD}.CD_ROM|Win32.Build.0 = Release|Win32
		{D21A36FA-6411-42E0-BB6E-6480B8064BCD}.Debug|Win32.ActiveCfg = Debug|Win32
		{D21A36FA-6411-42E0-BB6E-6480B8064BCD}.Debug|Win32.Build.0 = Debug|Win32
		{D21A36FA-6411-42E0-BB6E-6480B8064BCD}.DVD-5|Win32.ActiveCfg = Debug|Win32
		{D21A36FA-6411-42E0-BB6E-6480B8064BCD}.DVD-5|Win32.Build.0 = Debug|Win32
		{D21A36FA-6411-42E0-BB6E-6480B8064BCD}.Release|Win32.ActiveCfg = Release|Win32
		{D21A36FA-6411-42E0-BB6E-6480B8064BCD}.Release|Win32.Build.0 = Release|Win32
		{D21A36FA-6411-42E0-BB6E-6480B8064BCD}.SingleImage|Win32.ActiveCfg = Release|Win32
		{D21A36FA-6411-42E0-BB6E-6480B8064BCD}.SingleImage|Win32.Build.0 = Release|Win32
		{9345A588-EA70-4FAE-BE7A-46D2CCE5954B}.CD_ROM|Win32.ActiveCfg = Release|Win32
		{9345A588-EA70-4FAE-BE7A-46D2CCE5954B}.CD_ROM|Win32.Build.0 = Release|Win32
		{9345A588-EA70-4FAE-BE7A-46D2CCE5954B}.Debug|Win32.ActiveCfg = Debug|Win32
		{9345A588-EA70-4FAE-BE7A-46D2CCE5954B}.Debug|Win32.Build.0 = Debug|Win32
		{9345A588-EA70-4FAE-BE7A-46D2CCE5954B}.DVD-5|Win32.ActiveCfg = Debug|Win32
		{9345A588-EA70-4FAE-BE7A-46D2CCE5954B}.DVD-5|Win32.Build.0 = Debug|Win32
		{9345A588-EA70-4FAE-BE7A-46D2CCE5954B}.Release|Win32.ActiveCfg = Release|Win32
		{9345A588-EA70-4FAE-BE7A-46D2CCE5954B}.Release|Win32.Build.0 = Release|Win32
		{9345A588-EA70-4FAE-BE7A-46D2CCE5954B}.SingleImage|Win32.ActiveCfg = Release|Win32
		{9345A588-EA70-4FAE-BE7A-46D2CCE5954B}.SingleImage|Win32.Build.0 = Release|Win32
		{BB0E6867-CCDD-4CB7-B8C4-7245013B0FCC}.CD_ROM|Win32.ActiveCfg = Release|Win32
		{BB0E6867-CCDD-4CB7-B8C4-7245013B0FCC}.CD_ROM|Win32.Build.0 = Release|Win32
		{BB0E6867-CCDD-4CB7-B8C4-7245013B0FCC}.Debug|Win32.ActiveCfg = Debug|Win32
		{BB0E6867-CCDD-4CB7-B8C4-7245013B0FCC}.Debug|Win32.Build.0 = Debug|Win32
		{BB0E6867-CCDD-4CB7-B8C4-7245013B0FCC}.DVD-5|Win32.ActiveCfg = Debug|Win32
		{BB0E6867-CCDD-4CB7-B8C4-7245013B0FCC}.DVD-5|Win32.Build.0 = Debug|Win32
		{BB0E6867-CCDD-4CB7-B8C4-7245013B0FCC}.Release|Win32.ActiveCfg = Release|Win32
		{BB0E6867-CCDD-4CB7-B8C4-7245013B0FCC}.Release|Win32.Build.0 = Release|Win32
		{BB0E6867-CCDD-4CB7-B8C4-7245013B0FCC}.SingleImage|Win32.ActiveCfg = Release|Win32
		{BB0E6867-CCDD-4CB7-B8C4-7245013B0FCC}.SingleImage|Win32.Build.0 = Release|Win32
		{24E1FFE5-4A7E-48ED-AA2D-5237E045CC56}.CD_ROM|Win32.ActiveCfg = Release|Win32
		{24E1FFE5-4A7E-48ED-AA2D-5237E045CC56}.CD_ROM|Win32.Build.0 = Release|Win32
		{24E1FFE5-4A7E-48ED-AA2D-5237E045CC56}.Debug|Win32.ActiveCfg = Debug|Win32
		{24E1FFE5-4A7E-48ED-AA2D-5237E045CC56}.Debug|Win32.Build.0 = Debug|Win32
		{24E1FFE5-4A7E-48ED-AA2D-5237E045CC56}.DVD-5|Win32.ActiveCfg = Debug|Win32
		{24E1FFE5-4A7E-48ED-AA2D-5237E045CC56}.DVD-5|Win32.Build.0 = Debug|Win32
		{24E1FFE5-4A7E-48ED-AA2D-5237E045CC56}.Release|Win32.ActiveCfg = Release|Win32
		{24E1FFE5-4A7E-48ED-AA2D-5237E045CC56}.Release|Win32.Build.0 = Release|Win32
		{24E1FFE5-4A7E-48ED-AA2D-5237E045CC56}.SingleImage|Win32.ActiveCfg = Release|Win32
		{24E1FFE5-4A7E-48ED-AA2D-5237E045CC56}.SingleImage|Win32.Build.0 = Release|Win32
		{31831F26-C6C7-4502-BF03-4FE1EB80B3D4}.CD_ROM|Win32.ActiveCfg = Release|Win32
		{31831F26-C6C7-4502-BF03-4FE1EB80B3D4}.CD_ROM|Win32.Build.0 = Release|Win32
		{31831F26-C6C7-4502-BF03-4FE1EB80B3D4}.Debug|Win32.ActiveCfg = Debug|Win32
		{31831F26-C6C7-4502-BF03-4FE1EB80B3D4}.Debug|Win32.Build.0 = Debug|Win32
		{31831F26-C6C7-4502-BF03-4FE1EB80B3D4}.DVD-5|Win32.ActiveCfg = Debug|Win32
		{31831F26-C6C7-4502-BF03-4FE1EB80B3D4}.DVD-5|Win32.Build.0 = Debug|Win32
		{31831F26-C6C7-4502-BF03-4FE1EB80B3D4}.Release|Win32.ActiveCfg = Release|Win32
		{31831F26-C6C7-4502-BF03-4FE1EB80B3D4}.Release|Win32.Build.0 = Release|Win32
		{31831F26-C6C7-4502-BF03-4FE1EB80B3D4}.SingleImage|Win32.ActiveCfg = Release|Win32
		{31831F26-C6C7-4502-BF03-4FE1EB80B3D4}.SingleImage|Win32.Build.0 = Release|Win32
		{4E3C646A-0FE4-4BED-ABCD-3AAD4281BB91}.CD_ROM|Win32.ActiveCfg = Release|Win32
		{4E3C646A-0FE4-4BED-ABCD-3AAD4281BB91}.CD_ROM|Win32.Build.0 = Release|Win32
		{4E3C646A-0FE4-4BED-ABCD-3AAD4281BB91}.Debug|Win32.ActiveCfg = Debug|Win32
		{4E3C646A-0FE4-4BED-ABCD-3AAD4281BB91}.Debug|Win32.Build.0 = Debug|Win32
		{4E3C646A-0FE4-4BED-ABCD-3AAD4281BB91}.DVD-5|Win32.ActiveCfg = Debug|Win32
		{4E3C646A-0FE4-4BED-ABCD-3AAD4281BB91}.DVD-5|Win32.Build.0 = Debug|Win32
		{4E3C646A-0FE4-4BED-ABCD-3AAD4281BB91}.Release|Win32.ActiveCfg = Release|Win32
		{4E3C646A-0FE4-4BED-ABCD-3AAD4281BB91}.Release|Win32.Build.0 = Release|Win32
		{4E3C646A-0FE4-4BED-ABCD-3AAD4281BB91}.SingleImage|Win32.ActiveCfg = Release|Win32
		{4E3C646A-0FE4-4BED-ABCD-3AAD4281BB91}.SingleImage|Win32.Build.0 = Release|Win32
		{51417563-9BBB-433B-8037-5886CCC1E6AF}.CD_ROM|Win32.ActiveCfg = Release|Win32
		{51417563-9BBB-433B-8037-5886CCC1E6AF}.CD_ROM|Win32.Build.0 = Release|Win32
		{51417563-9BBB-433B-8037-5886CCC1E6AF}.Debug|Win32.ActiveCfg = Debug|Win32
		{51417563-9BBB-433B-8037-5886CCC1E6AF}.Debug|Win32.Build.0 = Debug|Win32
		{51417563-9BBB-433B-8037-5886CCC1E6AF}.DVD-5|Win32.ActiveCfg = Debug|Win32
		{51417563-9BBB-433B-8037-5886CCC1E6AF}.DVD-5|Win32.Build.0 = Debug|Win32
		{51417563-9BBB-433B-8037-5886CCC1E6AF}.Release|Win32.ActiveCfg = Release|Win32
		{51417563-9BBB-433B-8037-5886CCC1E6AF}.Release|Win32.Build.0 = Release|Win32
		{51417563-9BBB-433B-8037-5886CCC1E6AF}.SingleImage|Win32.ActiveCfg = Release|Win32
		{51417563-9BBB-433B-8037-5886CCC1E6AF}.SingleImage|Win32.Build.0 = Release|Win32
		{5A2AE821-9760-4784-B06C-F7DBA205B770}.CD_ROM|Win32.ActiveCfg = Release|Win32
		{5A2AE821-9760-4784-B06C-F7DBA205B770}.CD_ROM|Win32.Build.0 = Release|Win32
		{5A2AE821-9760-4784-B06C-F7DBA205B770}.Debug|Win32.ActiveCfg = Debug|Win32
		{5A2AE821-9760-4784-B06C-F7DBA205B770}.Debug|Win32.Build.0 = Debug|Win32
		{5A2AE821-9760-4784-B06C-F7DBA205B770}.DVD-5|Win32.ActiveCfg = Debug|Win32
		{5A2AE821-9760-4784-B06C-F7DBA205B770}.DVD-5|Win32.Build.0 = Debug|Win32
		{5A2AE821-9760-4784-B06C-F7DBA205B770}.Release|Win32.ActiveCfg = Release|Win32
		{5A2AE821-9760-4784-B06C-F7DBA205B770}.Release|Win32.Build.0 = Release|Win32
		{5A2AE821-9760-4784-B06C-F7DBA205B770}.SingleImage|Win32.ActiveCfg = Release|Win32
		{5A2AE821-9760-4784-B06C-F7DBA205B770}.SingleImage|Win32.Build.0 = Release|Win32
		{8E4E0541-088C-47C2-9D1B-A2141804E314}.CD_ROM|Win32.ActiveCfg = Release|Win32
		{8E4E0541-088C-47C2-9D1B-A2141804E314}.CD_ROM|Win32.Build.0 = Release|Win32
		{8E4E0541-088C-47C2-9D1B-A2141804E314}.Debug|Win32.ActiveCfg = Debug|Win32
		{8E4E0541-088C-47C2-9D1B-A2141804E314}.Debug|Win32.Build.0 = Debug|Win32
		{8E4E0541-088C-47C2-9D1B-A2141804E314}.DVD-5|Win32.ActiveCfg = Debug|Win32
		{8E4E0541-088C-47C2-9D1B-A2141804E314}.DVD-5|Win32.Build.0 = Debug|Win32
		{8E4E0541-088C-47C2-9D1B-A2141804E314}.Release|Win32.ActiveCfg = Release|Win32
		{8E4E0541-088C-47C2-9D1B-A2141804E314}.Release|Win32.Build.0 = Release|Win32
		{8E4E0541-088C-47C2-9D1B-A2141804E314}.SingleImage|Win32.ActiveCfg = Release|Win32
		{8E4E0541-088C-47C2-9D1B-A2141804E314}.SingleImage|Win32.Build.0 = Release|Win32
		{D41B85C3-3E4E-44CA-8DCB-4B2F8038ABA8}.CD_ROM|Win32.ActiveCfg = Release|Win32
		{D41B85C3-3E4E-44CA-8DCB-4B2F8038ABA8}.CD_ROM|Win32.Build.0 = Release|Win32
		{D41B85C3-3E4E-44CA-8DCB-4B2F8038ABA8}.Debug|Win32.ActiveCfg = Debug|Win32
		{D41B85C3-3E4E-44CA-8DCB-4B2F8038ABA8}.Debug|Win32.Build.0 = Debug|Win32
		{D41B85C3-3E4E-44CA-8DCB-4B2F8038ABA8}.DVD-5|Win32.ActiveCfg = Debug|Win32
		{D41B85C3-3E4E-44CA-8DCB-4B2F8038ABA8}.DVD-5|Win32.Build.0 = Debug|Win32
		{D41B85C3-3E4E-44CA-8DCB-4B2F8038ABA8}.Release|Win32.ActiveCfg = Release|Win32
		{D41B85C3-3E4E-44CA-8DCB-4B2F8038ABA8}.Release|Win32.Build.0 = Release|Win32
		{D41B85C3-3E4E-44CA-8DCB-4B2F8038ABA8}.SingleImage|Win32.ActiveCfg = Release|Win32
		{D41B85C3-3E4E-44CA-8DCB-4B2F8038ABA8}.SingleImage|Win32.Build.0 = Release|Win32
		{C9743BA6-0630-4745-9B5D-B82568ACF242}.CD_ROM|Win32.ActiveCfg = Release|Win32
		{C9743BA6-0630-4745-9B5D-B82568ACF242}.CD_ROM|Win32.Build.0 = Release|Win32
		{C9743BA6-0630-4745-9B5D-B82568ACF242}.Debug|Win32.ActiveCfg = Debug|Win32
		{C9743BA6-0630-4745-9B5D-B82568ACF242}.Debug|Win32.Build.0 = Debug|Win32
		{C9743BA6-0630-4745-9B5D-B82568ACF242}.DVD-5|Win32.ActiveCfg = Debug|Win32
		{C9743BA6-0630-4745-9B5D-B82568ACF242}.DVD-5|Win32.Build.0 = Debug|Win32
		{C9743BA6-0630-4745-9B5D-B82568ACF242}.Release|Win32.ActiveCfg = Release|Win32
		{C9743BA6-0630-4745-9B5D-B82568ACF242}.Release|Win32.Build.0 = Release|Win32
		{C9743BA6-0630-4745-9B5D-B82568ACF242}.SingleImage|Win32.ActiveCfg = Release|Win32
		{C9743BA6-0630-4745-9B5D-B82568ACF242}.SingleImage|Win32.Build.0 = Release|Win32
		{6292FE5E-20EC-4048-90B9-17D0F8A184EA}.CD_ROM|Win32.ActiveCfg = Release|Win32
		{6292FE5E-20EC-4048-90B9-17D0F8A184EA}.CD_ROM|Win32.Build.0 = Release|Win32
		{6292FE5E-20EC-4048-90B9-17D0F8A184EA}.Debug|Win32.ActiveCfg = Debug|Win32
		{6292FE5E-20EC-4048-90B9-17D0F8A184EA}.Debug|Win32.Build.0 = Debug|Win32
		{6292FE5E-20EC-4048-90B9-17D0F8A184EA}.DVD-5|Win32.ActiveCfg = Debug|Win32
		{6292FE5E-20EC-4048-90B9-17D0F8A184EA}.DVD-5|Win32.Build.0 = Debug|Win32
		{6292FE5E-20EC-4048-90B9-17D0F8A184EA}.Release|Win32.ActiveCfg = Release|Win32
		{6292FE5E-20EC-4048-90B9-17D0F8A184EA}.Release|Win32.Build.0 = Release|Win32
		{6292FE5E-20EC-4048-90B9-17D0F8A184EA}.SingleImage|Win32.ActiveCfg = Release|Win32
		{6292FE5E-20EC-4048-90B9-17D0F8A184EA}.SingleImage|Win32.Build.0 = Release|Win32
		{FECDC24B-D159-4239-A2E3-186FC4C9E34E}.CD_ROM|Win32.ActiveCfg = Release|Win32
		{FECDC24B-D159-4239-A2E3-186FC4C9E34E}.CD_ROM|Win32.Build.0 = Release|Win32
		{FECDC24B-D159-4239-A2E3-186FC4C9E34E}.Debug|Win32.ActiveCfg = Debug|Win32
		{FECDC24B-D159-4239-A2E3-186FC4C9E34E}.Debug|Win32.Build.0 = Debug|Win32
		{FECDC24B-D159-4239-A2E3-186FC4C9E34E}.DVD-5|Win32.ActiveCfg = Debug|Win32
		{FECDC24B-D159-4239-A2E3-186FC4C9E34E}.DVD-5|Win32.Build.0 = Debug|Win32
		{FECDC24B-D159-4239-A2E3-186FC4C9E34E}.Release|Win32.ActiveCfg = Release|Win32
		{FECDC24B-D159-4239-A2E3-186FC4C9E34E}.Release|Win32.Build.0 = Release|Win32
		{FECDC24B-D159-4239-A2E3-186FC4C9E34E}.SingleImage|Win32.ActiveCfg = Release|Win32
		{FECDC24B-D159-4239-A2E3-186FC4C9E34E}.SingleImage|Win32.Build.0 = Release|Win32
		{7EA20535-E36F-4799-8585-D5F162D1A11D}.CD_ROM|Win32.ActiveCfg = Release|Win32
		{7EA20535-E36F-4799-8585-D5F162D1A11D}.CD_ROM|Win32.Build.0 = Release|Win32
		{7EA20535-E36F-4799-8585-D5F162D1A11D}.Debug|Win32.ActiveCfg = Debug|Win32
		{7EA20535-E36F-4799-8585-D5F162D1A11D}.Debug|Win32.Build.0 = Debug|Win32
		{7EA20535-E36F-4799-8585-D5F162D1A11D}.DVD-5|Win32.ActiveCfg = Debug|Win32
		{7EA20535-E36F-4799-8585-D5F162D1A11D}.DVD-5|Win32.Build.0 = Debug|Win32
		{7EA20535-E36F-4799-8585-D5F162D1A11D}.Release|Win32.ActiveCfg = Release|Win32
		{7EA20535-E36F-4799-8585-D5F162D1A11D}.Release|Win32.Build.0 = Release|Win32
		{7EA20535-E36F-4799-8585-D5F162D1A11D}.SingleImage|Win32.ActiveCfg = Release|Win32
		{7EA20535-E36F-4799-8585-D5F162D1A11D}.SingleImage|Win32.Build.0 = Release|Win32
		{5850A6D8-A704-4841-8520-BBEC50EBC2FC}.CD_ROM|Win32.ActiveCfg = Release|Win32
		{5850A6D8-A704-4841-8520-BBEC50EBC2FC}.CD_ROM|Win32.Build.0 = Release|Win32
		{5850A6D8-A704-4841-8520-BBEC50EBC2FC}.Debug|Win32.ActiveCfg = Debug|Win32
		{5850A6D8-A704-4841-8520-BBEC50EBC2FC}.Debug|Win32.Build.0 = Debug|Win32
		{5850A6D8-A704-4841-8520-BBEC50EBC2FC}.DVD-5|Win32.ActiveCfg = Debug|Win32
		{5850A6D8-A704-4841-8520-BBEC50EBC2FC}.DVD-5|Win32.Build.0 = Debug|Win32
		{5850A6D8-A704-4841-8520-BBEC50EBC2FC}.Release|Win32.ActiveCfg = Release|Win32
		{5850A6D8-A704-4841-8520-BBEC50EBC2FC}.Release|Win32.Build.0 = Release|Win32
		{5850A6D8-A704-4841-8520-BBEC50EBC2FC}.SingleImage|Win32.ActiveCfg = Release|Win32
		{5850A6D8-A704-4841-8520-BBEC50EBC2FC}.SingleImage|Win32.Build.0 = Release|Win32
		{2F502789-10EA-44C2-8C33-518A42CB71E7}.CD_ROM|Win32.ActiveCfg = Release|Win32
		{2F502789-10EA-44C2-8C33-518A42CB71E7}.CD_ROM|Win32.Build.0 = Release|Win32
		{2F502789-10EA-44C2-8C33-518A42CB71E7}.Debug|Win32.ActiveCfg = Debug|Win32
		{2F502789-10EA-44C2-8C33-518A42CB71E7}.Debug|Win32.Build.0 = Debug|Win32
		{2F502789-10EA-44C2-8C33-518A42CB71E7}.DVD-5|Win32.ActiveCfg = Debug|Win32
		{2F502789-10EA-44C2-8C33-518A42CB71E7}.DVD-5|Win32.Build.0 = Debug|Win32
		{2F502789-10EA-44C2-8C33-518A42CB71E7}.Release|Win32.ActiveCfg = Release|Win32
		{2F502789-10EA-44C2-8C33-518A42CB71E7}.Release|Win32.Build.0 = Release|Win32
		{2F502789-10EA-44C2-8C33-518A42CB71E7}.SingleImage|Win32.ActiveCfg = Release|Win32
		{2F502789-10EA-44C2-8C33-518A42CB71E7}.SingleImage|Win32.Build.0 = Release|Win32
		{ADE346B6-7894-4C85-BE89-39009283C24C}.CD_ROM|Win32.ActiveCfg = Release|Win32
		{ADE346B6-7894-4C85-BE89-39009283C24C}.CD_ROM|Win32.Build.0 = Release|Win32
		{ADE346B6-7894-4C85-BE89-39009283C24C}.Debug|Win32.ActiveCfg = Debug|Win32
		{ADE346B6-7894-4C85-BE89-39009283C24C}.Debug|Win32.Build.0 = Debug|Win32
		{ADE346B6-7894-4C85-BE89-39009283C24C}.DVD-5|Win32.ActiveCfg = Debug|Win32
		{ADE346B6-7894-4C85-BE89-39009283C24C}.DVD-5|Win32.Build.0 = Debug|Win32
		{ADE346B6-7894-4C85-BE89-39009283C24C}.Release|Win32.ActiveCfg = Release|Win32
		{ADE346B6-7894-4C85-BE89-39009283C24C}.Release|Win32.Build.0 = Release|Win32
		{ADE346B6-7894-4C85-BE89-39009283C24C}.SingleImage|Win32.ActiveCfg = Release|Win32
		{ADE346B6-7894-4C85-BE89-39009283C24C}.SingleImage|Win32.Build.0 = Release|Win32
		{D926A6C6-F595-4675-B8D9-D956A45BA480}.CD_ROM|Win32.ActiveCfg = Release|Win32
		{D926A6C6-F595-4675-B8D9-D956A45BA480}.CD_ROM|Win32.Build.0 = Release|Win32
		{D926A6C6-F595-4675-B8D9-D956A45BA480}.Debug|Win32.ActiveCfg = Debug|Win32
		{D926A6C6-F595-4675-B8D9-D956A45BA480}.Debug|Win32.Build.0 = Debug|Win32
		{D926A6C6-F595-4675-B8D9-D956A45BA480}.DVD-5|Win32.ActiveCfg = Debug|Win32
		{D926A6C6-F595-4675-B8D9-D956A45BA480}.DVD-5|Win32.Build.0 = Debug|Win32
		{D926A6C6-F595-4675-B8D9-D956A45BA480}.Release|Win32.ActiveCfg = Release|Win32
		{D926A6C6-F595-4675-B8D9-D956A45BA480}.Release|Win32.Build.0 = Release|Win32
		{D926A6C6-F595-4675-B8D9-D956A45BA480}.SingleImage|Win32.ActiveCfg = Release|Win32
		{D926A6C6-F595-4675-B8D9-D956A45BA480}.SingleImage|Win32.Build.0 = Release|Win32
		{39FE013A-B8CD-4DF9-B036-6D8043AFD007}.CD_ROM|Win32.ActiveCfg = Release|Win32
		{39FE013A-B8CD-4DF9-B036-6D8043AFD007}.CD_ROM|Win32.Build.0 = Release|Win32
		{39FE013A-B8CD-4DF9-B036-6D8043AFD007}.Debug|Win32.ActiveCfg = Debug|Win32
		{39FE013A-B8CD-4DF9-B036-6D8043AFD007}.Debug|Win32.Build.0 = Debug|Win32
		{39FE013A-B8CD-4DF9-B036-6D8043AFD007}.DVD-5|Win32.ActiveCfg = Debug|Win32
		{39FE013A-B8CD-4DF9-B036-6D8043AFD007}.DVD-5|Win32.Build.0 = Debug|Win32
		{39FE013A-B8CD-4DF9-B036-6D8043AFD007}.Release|Win32.ActiveCfg = Release|Win32
		{39FE013A-B8CD-4DF9-B036-6D8043AFD007}.Release|Win32.Build.0 = Release|Win32
		{39FE013A-B8CD-4DF9-B036-6D8043AFD007}.SingleImage|Win32.ActiveCfg = Release|Win32
		{39FE013A-B8CD-4DF9-B036-6D8043AFD007}.SingleImage|Win32.Build.0 = Release|Win32
		{1A9B0C7C-C2D4-43C8-8AA6-91EC65D96221}.CD_ROM|Win32.ActiveCfg = Release|Win32
		{1A9B0C7C-C2D4-43C8-8AA6-91EC65D96221}.CD_ROM|Win32.Build.0 = Release|Win32
		{1A9B0C7C-C2D4-43C8-8AA6-91EC65D96221}.Debug|Win32.ActiveCfg = Debug|Win32
		{1A9B0C7C-C2D4-43C8-8AA6-91EC65D96221}.Debug|Win32.Build.0 = Debug|Win32
		{1A9B0C7C-C2D4-43C8-8AA6-91EC65D96221}.DVD-5|Win32.ActiveCfg = Debug|Win32
		{1A9B0C7C-C2D4-43C8-8AA6-91EC65D96221}.DVD-5|Win32.Build.0 = Debug|Win32
		{1A9B0C7C-C2D4-43C8-8AA6-91EC65D96221}.Release|Win32.ActiveCfg = Release|Win32
		{1A9B0C7C-C2D4-43C8-8AA6-91EC65D96221}.Release|Win32.Build.0 = Release|Win32
		{1A9B0C7C-C2D4-43C8-8AA6-91EC65D96221}.SingleImage|Win32.ActiveCfg = Release|Win32
		{1A9B0C7C-C2D4-43C8-8AA6-91EC65D96221}.SingleImage|Win32.Build.0 = Release|Win32
		{632F8435-4CCC-4A48-BC50-E9A98FF40A98}.CD_ROM|Win32.ActiveCfg = Release|Win32
		{632F8435-4CCC-4A48-BC50-E9A98FF40A98}.CD_ROM|Win32.Build.0 = Release|Win32
		{632F8435-4CCC-4A48-BC50-E9A98FF40A98}.Debug|Win32.ActiveCfg = Debug|Win32
		{632F8435-4CCC-4A48-BC50-E9A98FF40A98}.Debug|Win32.Build.0 = Debug|Win32
		{632F8435-4CCC-4A48-BC50-E9A98FF40A98}.DVD-5|Win32.ActiveCfg = Debug|Win32
		{632F8435-4CCC-4A48-BC50-E9A98FF40A98}.DVD-5|Win32.Build.0 = Debug|Win32
		{632F8435-4CCC-4A48-BC50-E9A98FF40A98}.Release|Win32.ActiveCfg = Release|Win32
		{632F8435-4CCC-4A48-BC50-E9A98FF40A98}.Release|Win32.Build.0 = Release|Win32
		{632F8435-4CCC-4A48-BC50-E9A98FF40A98}.SingleImage|Win32.ActiveCfg = Release|Win32
		{632F8435-4CCC-4A48-BC50-E9A98FF40A98}.SingleImage|Win32.Build.0 = Release|Win32
		{5CB87060-AB00-4A8E-9A7D-3BDD5F9C21C7}.CD_ROM|Win32.ActiveCfg = Release|Win32
		{5CB87060-AB00-4A8E-9A7D-3BDD5F9C21C7}.CD_ROM|Win32.Build.0 = Release|Win32
		{5CB87060-AB00-4A8E-9A7D-3BDD5F9C21C7}.Debug|Win32.ActiveCfg = Debug|Win32
		{5CB87060-AB00-4A8E-9A7D-3BDD5F9C21C7}.Debug|Win32.Build.0 = Debug|Win32
		{5CB87060-AB00-4A8E-9A7D-3BDD5F9C21C7}.DVD-5|Win32.ActiveCfg = Debug|Win32
		{5CB87060-AB00-4A8E-9A7D-3BDD5F9C21C7}.DVD-5|Win32.Build.0 = Debug|Win32
		{5CB87060-AB00-4A8E-9A7D-3BDD5F9C21C7}.Release|Win32.ActiveCfg = Release|Win32
		{5CB87060-AB00-4A8E-9A7D-3BDD5F9C21C7}.Release|Win32.Build.0 = Release|Win32
		{5CB87060-AB00-4A8E-9A7D-3BDD5F9C21C7}.SingleImage|Win32.ActiveCfg = Release|Win32
		{5CB87060-AB00-4A8E-9A7D-3BDD5F9C21C7}.SingleImage|Win32.Build.0 = Release|Win32
		{84F7BAD0-866B-471E-A28D-B94DE7A656A6}.CD_ROM|Win32.ActiveCfg = Release|Win32
		{84F7BAD0-866B-471E-A28D-B94DE7A656A6}.CD_ROM|Win32.Build.0 = Release|Win32
		{84F7BAD0-866B-471E-A28D-B94DE7A656A6}.Debug|Win32.ActiveCfg = Debug|Win32
		{84F7BAD0-866B-471E-A28D-B94DE7A656A6}.Debug|Win32.Build.0 = Debug|Win32
		{84F7BAD0-866B-471E-A28D-B94DE7A656A6}.DVD-5|Win32.ActiveCfg = Debug|Win32
		{84F7BAD0-866B-471E-A28D-B94DE7A656A6}.DVD-5|Win32.Build.0 = Debug|Win32
		{84F7BAD0-866B-471E-A28D-B94DE7A656A6}.Release|Win32.ActiveCfg = Release|Win32
		{84F7BAD0-866B-471E-A28D-B94DE7A656A6}.Release|Win32.Build.0 = Release|Win32
		{84F7BAD0-866B-471E-A28D-B94DE7A656A6}.SingleImage|Win32.ActiveCfg = Release|Win32
		{84F7BAD0-866B-471E-A28D-B94DE7A656A6}.SingleImage|Win32.Build.0 = Release|Win32
		{1D946C6F-4DBE-41C4-80E9-7163B741FE08}.CD_ROM|Win32.ActiveCfg = Release|Win32
		{1D946C6F-4DBE-41C4-80E9-7163B741FE08}.CD_ROM|Win32.Build.0 = Release|Win32
		{1D946C6F-4DBE-41C4-80E9-7163B741FE08}.Debug|Win32.ActiveCfg = Debug|Win32
		{1D946C6F-4DBE-41C4-80E9-7163B741FE08}.Debug|Win32.Build.0 = Debug|Win32
		{1D946C6F-4DBE-41C4-80E9-7163B741FE08}.DVD-5|Win32.ActiveCfg = Debug|Win32
		{1D946C6F-4DBE-41C4-80E9-7163B741FE08}.DVD-5|Win32.Build.0 = Debug|Win32
		{1D946C6F-4DBE-41C4-80E9-7163B741FE08}.Release|Win32.ActiveCfg = Release|Win32
		{1D946C6F-4DBE-41C4-80E9-7163B741FE08}.Release|Win32.Build.0 = Release|Win32
		{1D946C6F-4DBE-41C4-80E9-7163B741FE08}.SingleImage|Win32.ActiveCfg = Release|Win32
		{1D946C6F-4DBE-41C4-80E9-7163B741FE08}.SingleImage|Win32.Build.0 = Release|Win32
		{BCEB81BF-ACC5-4BFB-95D6-672B83610CB2}.CD_ROM|Win32.ActiveCfg = Release|Win32
		{BCEB81BF-ACC5-4BFB-95D6-672B83610CB2}.CD_ROM|Win32.Build.0 = Release|Win32
		{BCEB81BF-ACC5-4BFB-95D6-672B83610CB2}.Debug|Win32.ActiveCfg = Debug|Win32
		{BCEB81BF-ACC5-4BFB-95D6-672B83610CB2}.Debug|Win32.Build.0 = Debug|Win32
		{BCEB81BF-ACC5-4BFB-95D6-672B83610CB2}.DVD-5|Win32.ActiveCfg = Debug|Win32
		{BCEB81BF-ACC5-4BFB-95D6-672B83610CB2}.DVD-5|Win32.Build.0 = Debug|Win32
		{BCEB81BF-ACC5-4BFB-95D6-672B83610CB2}.Release|Win32.ActiveCfg = Release|Win32
		{BCEB81BF-ACC5-4BFB-95D6-672B83610CB2}.Release|Win32.Build.0 = Release|Win32
		{BCEB81BF-ACC5-4BFB-95D6-672B83610CB2}.SingleImage|Win32.ActiveCfg = Release|Win32
		{BCEB81BF-ACC5-4BFB-95D6-672B83610CB2}.SingleImage|Win32.Build.0 = Release|Win32
		{0A65E523-C376-4603-9E90-77A4365F203A}.CD_ROM|Win32.ActiveCfg = Release|Win32
		{0A65E523-C376-4603-9E90-77A4365F203A}.CD_ROM|Win32.Build.0 = Release|Win32
		{0A65E523-C376-4603-9E90-77A4365F203A}.Debug|Win32.ActiveCfg = Debug|Win32
		{0A65E523-C376-4603-9E90-77A4365F203A}.Debug|Win32.Build.0 = Debug|Win32
		{0A65E523-C376-4603-9E90-77A4365F203A}.DVD-5|Win32.ActiveCfg = Debug|Win32
		{0A65E523-C376-4603-9E90-77A4365F203A}.DVD-5|Win32.Build.0 = Debug|Win32
		{0A65E523-C376-4603-9E90-77A4365F203A}.Release|Win32.ActiveCfg = Release|Win32
		{0A65E523-C376-4603-9E90-77A4365F203A}.Release|Win32.Build.0 = Release|Win32
		{0A65E523-C376-4603-9E90-77A4365F203A}.SingleImage|Win32.ActiveCfg = Release|Win32
		{0A65E523-C376-4603-9E90-77A4365F203A}.SingleImage|Win32.Build.0 = Release|Win32
		{8795B7CF-0EA5-462C-9EE8-AD377479BCC3}.CD_ROM|Win32.ActiveCfg = Release|Win32
		{8795B7CF-0EA5-462C-9EE8-AD377479BCC3}.CD_ROM|Win32.Build.0 = Release|Win32
		{8795B7CF-0EA5-462C-9EE8-AD377479BCC3}.Debug|Win32.ActiveCfg = Debug|Win32
		{8795B7CF-0EA5-462C-9EE8-AD377479BCC3}.Debug|Win32.Build.0 = Debug|Win32
		{8795B7CF-0EA5-462C-9EE8-AD377479BCC3}.DVD-5|Win32.ActiveCfg = Debug|Win32
		{8795B7CF-0EA5-462C-9EE8-AD377479BCC3}.DVD-5|Win32.Build.0 = Debug|Win32
		{8795B7CF-0EA5-462C-9EE8-AD377479BCC3}.Release|Win32.ActiveCfg = Release|Win32
		{8795B7CF-0EA5-462C-9EE8-AD377479BCC3}.Release|Win32.Build.0 = Release|Win32
		{8795B7CF-0EA5-462C-9EE8-AD377479BCC3}.SingleImage|Win32.ActiveCfg = Release|Win32
		{8795B7CF-0EA5-462C-9EE8-AD377479BCC3}.SingleImage|Win32.Build.0 = Release|Win32
		{2D4272A4-E69C-4A40-AFA2-1040E02B3F89}.CD_ROM|Win32.ActiveCfg = Release|Win32
		{2D4272A4-E69C-4A40-AFA2-1040E02B3F89}.CD_ROM|Win32.Build.0 = Release|Win32
		{2D4272A4-E69C-4A40-AFA2-1040E02B3F89}.Debug|Win32.ActiveCfg = Debug|Win32
		{2D4272A4-E69C-4A40-AFA2-1040E02B3F89}.Debug|Win32.Build.0 = Debug|Win32
		{2D4272A4-E69C-4A40-AFA2-1040E02B3F89}.DVD-5|Win32.ActiveCfg = Debug|Win32
		{2D4272A4-E69C-4A40-AFA2-1040E02B3F89}.DVD-5|Win32.Build.0 = Debug|Win32
		{2D4272A4-E69C-4A40-AFA2-1040E02B3F89}.Release|Win32.ActiveCfg = Release|Win32
		{2D4272A4-E69C-4A40-AFA2-1040E02B3F89}.Release|Win32.Build.0 = Release|Win32
		{2D4272A4-E69C-4A40-AFA2-1040E02B3F89}.SingleImage|Win32.ActiveCfg = Release|Win32
		{2D4272A4-E69C-4A40-AFA2-1040E02B3F89}.SingleImage|Win32.Build.0 = Release|Win32
		{46115AA2-D1EE-4BD7-AD21-0822B9FFF507}.CD_ROM|Win32.ActiveCfg = Release|Win32
		{46115AA2-D1EE-4BD7-AD21-0822B9FFF507}.CD_ROM|Win32.Build.0 = Release|Win32
		{46115AA2-D1EE-4BD7-AD21-0822B9FFF507}.Debug|Win32.ActiveCfg = Debug|Win32
		{46115AA2-D1EE-4BD7-AD21-0822B9FFF507}.Debug|Win32.Build.0 = Debug|Win32
		{46115AA2-D1EE-4BD7-AD21-0822B9FFF507}.DVD-5|Win32.ActiveCfg = Debug|Win32
		{46115AA2-D1EE-4BD7-AD21-0822B9FFF507}.DVD-5|Win32.Build.0 = Debug|Win32
		{46115AA2-D1EE-4BD7-AD21-0822B9FFF507}.Release|Win32.ActiveCfg = Release|Win32
		{46115AA2-D1EE-4BD7-AD21-0822B9FFF507}.Release|Win32.Build.0 = Release|Win32
		{46115AA2-D1EE-4BD7-AD21-0822B9FFF507}.SingleImage|Win32.ActiveCfg = Release|Win32
		{46115AA2-D1EE-4BD7-AD21-0822B9FFF507}.SingleImage|Win32.Build.0 = Release|Win32
		{FBB4F159-1D52-4172-AD7C-71CBC72E0F00}.CD_ROM|Win32.ActiveCfg = Release|Win32
		{FBB4F159-1D52-4172-AD7C-71CBC72E0F00}.CD_ROM|Win32.Build.0 = Release|Win32
		{FBB4F159-1D52-4172-AD7C-71CBC72E0F00}.Debug|Win32.ActiveCfg = Debug|Win32
		{FBB4F159-1D52-4172-AD7C-71CBC72E0F00}.Debug|Win32.Build.0 = Debug|Win32
		{FBB4F159-1D52-4172-AD7C-71CBC72E0F00}.DVD-5|Win32.ActiveCfg = Debug|Win32
		{FBB4F159-1D52-4172-AD7C-71CBC72E0F00}.DVD-5|Win32.Build.0 = Debug|Win32
		{FBB4F159-1D52-4172-AD7C-71CBC72E0F00}.Release|Win32.ActiveCfg = Release|Win32
		{FBB4F159-1D52-4172-AD7C-71CBC72E0F00}.Release|Win32.Build.0 = Release|Win32
		{FBB4F159-1D52-4172-AD7C-71CBC72E0F00}.SingleImage|Win32.ActiveCfg = Release|Win32
		{FBB4F159-1D52-4172-AD7C-71CBC72E0F00}.SingleImage|Win32.Build.0 = Release|Win32
		{AC414044-F67A-4E40-8203-22D2F54C6F1E}.CD_ROM|Win32.ActiveCfg = Release|Win32
		{AC414044-F67A-4E40-8203-22D2F54C6F1E}.CD_ROM|Win32.Build.0 = Release|Win32
		{AC414044-F67A-4E40-8203-22D2F54C6F1E}.Debug|Win32.ActiveCfg = Debug|Win32
		{AC414044-F67A-4E40-8203-22D2F54C6F1E}.Debug|Win32.Build.0 = Debug|Win32
		{AC414044-F67A-4E40-8203-22D2F54C6F1E}.DVD-5|Win32.ActiveCfg = Debug|Win32
		{AC414044-F67A-4E40-8203-22D2F54C6F1E}.DVD-5|Win32.Build.0 = Debug|Win32
		{AC414044-F67A-4E40-8203-22D2F54C6F1E}.Release|Win32.ActiveCfg = Release|Win32
		{AC414044-F67A-4E40-8203-22D2F54C6F1E}.Release|Win32.Build.0 = Release|Win32
		{AC414044-F67A-4E40-8203-22D2F54C6F1E}.SingleImage|Win32.ActiveCfg = Release|Win32
		{AC414044-F67A-4E40-8203-22D2F54C6F1E}.SingleImage|Win32.Build.0 = Release|Win32
		{45465312-221A-4839-94F1-8E8D48317718}.CD_ROM|Win32.ActiveCfg = Release|Win32
		{45465312-221A-4839-94F1-8E8D48317718}.CD_ROM|Win32.Build.0 = Release|Win32
		{45465312-221A-4839-94F1-8E8D48317718}.Debug|Win32.ActiveCfg = Debug|Win32
		{45465312-221A-4839-94F1-8E8D48317718}.Debug|Win32.Build.0 = Debug|Win32
		{45465312-221A-4839-94F1-8E8D48317718}.DVD-5|Win32.ActiveCfg = Debug|Win32
		{45465312-221A-4839-94F1-8E8D48317718}.DVD-5|Win32.Build.0 = Debug|Win32
		{45465312-221A-4839-94F1-8E8D48317718}.Release|Win32.ActiveCfg = Release|Win32
		{45465312-221A-4839-94F1-8E8D48317718}.Release|Win32.Build.0 = Release|Win32
		{45465312-221A-4839-94F1-8E8D48317718}.SingleImage|Win32.ActiveCfg = Release|Win32
		{45465312-221A-4839-94F1-8E8D48317718}.SingleImage|Win32.Build.0 = Release|Win32
		{C9B4F6E9-B3A5-48F6-BE55-175165B92E23}.CD_ROM|Win32.ActiveCfg = Release|Win32
		{C9B4F6E9-B3A5-48F6-BE55-175165B92E23}.CD_ROM|Win32.Build.0 = Release|Win32
		{C9B4F6E9-B3A5-48F6-BE55-175165B92E23}.Debug|Win32.ActiveCfg = Debug|Win32
		{C9B4F6E9-B3A5-48F6-BE55-175165B92E23}.Debug|Win32.Build.0 = Debug|Win32
		{C9B4F6E9-B3A5-48F6-BE55-175165B92E23}.DVD-5|Win32.ActiveCfg = Debug|Win32
		{C9B4F6E9-B3A5-48F6-BE55-175165B92E23}.DVD-5|Win32.Build.0 = Debug|Win32
		{C9B4F6E9-B3A5-48F6-BE55-175165B92E23}.Release|Win32.ActiveCfg = Release|Win32
		{C9B4F6E9-B3A5-48F6-BE55-175165B92E23}.Release|Win32.Build.0 = Release|Win32
		{C9B4F6E9-B3A5-48F6-BE55-175165B92E23}.SingleImage|Win32.ActiveCfg = Release|Win32
		{C9B4F6E9-B3A5-48F6-BE55-175165B92E23}.SingleImage|Win32.Build.0 = Release|Win32
		{6C73D486-CD2D-41EE-8E80-06C0B5336ED0}.CD_ROM|Win32.ActiveCfg = Release|Win32
		{6C73D486-CD2D-41EE-8E80-06C0B5336ED0}.CD_ROM|Win32.Build.0 = Release|Win32
		{6C73D486-CD2D-41EE-8E80-06C0B5336ED0}.Debug|Win32.ActiveCfg = Debug|Win32
		{6C73D486-CD2D-41EE-8E80-06C0B5336ED0}.Debug|Win32.Build.0 = Debug|Win32
		{6C73D486-CD2D-41EE-8E80-06C0B5336ED0}.DVD-5|Win32.ActiveCfg = Debug|Win32
		{6C73D486-CD2D-41EE-8E80-06C0B5336ED0}.DVD-5|Win32.Build.0 = Debug|Win32
		{6C73D486-CD2D-41EE-8E80-06C0B5336ED0}.Release|Win32.ActiveCfg = Release|Win32
		{6C73D486-CD2D-41EE-8E80-06C0B5336ED0}.Release|Win32.Build.0 = Release|Win32
		{6C73D486-CD2D-41EE-8E80-06C0B5336ED0}.SingleImage|Win32.ActiveCfg = Release|Win32
		{6C73D486-CD2D-41EE-8E80-06C0B5336ED0}.SingleImage|Win32.Build.0 = Release|Win32
		{50B0B61F-8B03-46CA-A576-63301DCA0F20}.CD_ROM|Win32.ActiveCfg = Release|Win32
		{50B0B61F-8B03-46CA-A576-63301DCA0F20}.CD_ROM|Win32.Build.0 = Release|Win32
		{50B0B61F-8B03-46CA-A576-63301DCA0F20}.Debug|Win32.ActiveCfg = Debug|Win32
		{50B0B61F-8B03-46CA-A576-63301DCA0F20}.Debug|Win32.Build.0 = Debug|Win32
		{50B0B61F-8B03-46CA-A576-63301DCA0F20}.DVD-5|Win32.ActiveCfg = Debug|Win32
		{50B0B61F-8B03-46CA-A576-63301DCA0F20}.DVD-5|Win32.Build.0 = Debug|Win32
		{50B0B61F-8B03-46CA-A576-63301DCA0F20}.Release|Win32.ActiveCfg = Release|Win32
		{50B0B61F-8B03-46CA-A576-63301DCA0F20}.Release|Win32.Build.0 = Release|Win32
		{50B0B61F-8B03-46CA-A576-63301DCA0F20}.SingleImage|Win32.ActiveCfg = Release|Win32
		{50B0B61F-8B03-46CA-A576-63301DCA0F20}.SingleImage|Win32.Build.0 = Release|Win32
		{1058637B-57EA-4735-BED8-CB80841F9E28}.CD_ROM|Win32.ActiveCfg = Release|Win32
		{1058637B-57EA-4735-BED8-CB80841F9E28}.CD_ROM|Win32.Build.0 = Release|Win32
		{1058637B-57EA-4735-BED8-CB80841F9E28}.Debug|Win32.ActiveCfg = Debug|Win32
		{1058637B-57EA-4735-BED8-CB80841F9E28}.Debug|Win32.Build.0 = Debug|Win32
		{1058637B-57EA-4735-BED8-CB80841F9E28}.DVD-5|Win32.ActiveCfg = Debug|Win32
		{1058637B-57EA-4735-BED8-CB80841F9E28}.DVD-5|Win32.Build.0 = Debug|Win32
		{1058637B-57EA-4735-BED8-CB80841F9E28}.Release|Win32.ActiveCfg = Release|Win32
		{1058637B-57EA-4735-BED8-CB80841F9E28}.Release|Win32.Build.0 = Release|Win32
		{1058637B-57EA-4735-BED8-CB80841F9E28}.SingleImage|Win32.ActiveCfg = Release|Win32
		{1058637B-57EA-4735-BED8-CB80841F9E28}.SingleImage|Win32.Build.0 = Release|Win32
		{9AB7B5A0-BE7E-4A00-ABC1-FD0187884295}.CD_ROM|Win32.ActiveCfg = Release|Win32
		{9AB7B5A0-BE7E-4A00-ABC1-FD0187884295}.CD_ROM|Win32.Build.0 = Release|Win32
		{9AB7B5A0-BE7E-4A00-ABC1-FD0187884295}.Debug|Win32.ActiveCfg = Debug|Win32
		{9AB7B5A0-BE7E-4A00-ABC1-FD0187884295}.Debug|Win32.Build.0 = Debug|Win32
		{9AB7B5A0-BE7E-4A00-ABC1-FD0187884295}.DVD-5|Win32.ActiveCfg = Debug|Win32
		{9AB7B5A0-BE7E-4A00-ABC1-FD0187884295}.DVD-5|Win32.Build.0 = Debug|Win32
		{9AB7B5A0-BE7E-4A00-ABC1-FD0187884295}.Release|Win32.ActiveCfg = Release|Win32
		{9AB7B5A0-BE7E-4A00-ABC1-FD0187884295}.Release|Win32.Build.0 = Release|Win32
		{9AB7B5A0-BE7E-4A00-ABC1-FD0187884295}.SingleImage|Win32.ActiveCfg = Release|Win32
		{9AB7B5A0-BE7E-4A00-ABC1-FD0187884295}.SingleImage|Win32.Build.0 = Release|Win32
		{2254073E-5281-432F-9714-A0F837D5A439}.CD_ROM|Win32.ActiveCfg = Release|Win32
		{2254073E-5281-432F-9714-A0F837D5A439}.CD_ROM|Win32.Build.0 = Release|Win32
		{2254073E-5281-432F-9714-A0F837D5A439}.Debug|Win32.ActiveCfg = Debug|Win32
		{2254073E-5281-432F-9714-A0F837D5A439}.Debug|Win32.Build.0 = Debug|Win32
		{2254073E-5281-432F-9714-A0F837D5A439}.DVD-5|Win32.ActiveCfg = Debug|Win32
		{2254073E-5281-432F-9714-A0F837D5A439}.DVD-5|Win32.Build.0 = Debug|Win32
		{2254073E-5281-432F-9714-A0F837D5A439}.Release|Win32.ActiveCfg = Release|Win32
		{2254073E-5281-432F-9714-A0F837D5A439}.Release|Win32.Build.0 = Release|Win32
		{2254073E-5281-432F-9714-A0F837D5A439}.SingleImage|Win32.ActiveCfg = Release|Win32
		{2254073E-5281-432F-9714-A0F837D5A439}.SingleImage|Win32.Build.0 = Release|Win32
		{ED09ADF9-5515-46DE-89E8-52E7B2456355}.CD_ROM|Win32.ActiveCfg = Release|Win32
		{ED09ADF9-5515-46DE-89E8-52E7B2456355}.CD_ROM|Win32.Build.0 = Release|Win32
		{ED09ADF9-5515-46DE-89E8-52E7B2456355}.Debug|Win32.ActiveCfg = Debug|Win32
		{ED09ADF9-5515-46DE-89E8-52E7B2456355}.Debug|Win32.Build.0 = Debug|Win32
		{ED09ADF9-5515-46DE-89E8-52E7B2456355}.DVD-5|Win32.ActiveCfg = Debug|Win32
		{ED09ADF9-5515-46DE-89E8-52E7B2456355}.DVD-5|Win32.Build.0 = Debug|Win32
		{ED09ADF9-5515-46DE-89E8-52E7B2456355}.Release|Win32.ActiveCfg = Release|Win32
		{ED09ADF9-5515-46DE-89E8-52E7B2456355}.Release|Win32.Build.0 = Release|Win32
		{ED09ADF9-5515-46DE-89E8-52E7B2456355}.SingleImage|Win32.ActiveCfg = Release|Win32
		{ED09ADF9-5515-46DE-89E8-52E7B2456355}.SingleImage|Win32.Build.0 = Release|Win32
		{7B9BD4C5-0769-4E8B-A10C-1A398C5E76BE}.CD_ROM|Win32.ActiveCfg = Release|Win32
		{7B9BD4C5-0769-4E8B-A10C-1A398C5E76BE}.CD_ROM|Win32.Build.0 = Release|Win32
		{7B9BD4C5-0769-4E8B-A10C-1A398C5E76BE}.Debug|Win32.ActiveCfg = Debug|Win32
		{7B9BD4C5-0769-4E8B-A10C-1A398C5E76BE}.Debug|Win32.Build.0 = Debug|Win32
		{7B9BD4C5-0769-4E8B-A10C-1A398C5E76BE}.DVD-5|Win32.ActiveCfg = Debug|Win32
		{7B9BD4C5-0769-4E8B-A10C-1A398C5E76BE}.DVD-5|Win32.Build.0 = Debug|Win32
		{7B9BD4C5-0769-4E8B-A10C-1A398C5E76BE}.Release|Win32.ActiveCfg = Release|Win32
		{7B9BD4C5-0769-4E8B-A10C-1A398C5E76BE}.Release|Win32.Build.0 = Release|Win32
		{7B9BD4C5-0769-4E8B-A10C-1A398C5E76BE}.SingleImage|Win32.ActiveCfg = Release|Win32
		{7B9BD4C5-0769-4E8B-A10C-1A398C5E76BE}.SingleImage|Win32.Build.0 = Release|Win32
		{E69FAF7C-CD90-4B7D-821B-8B50D6B182BC}.CD_ROM|Win32.ActiveCfg = Release|Win32
		{E69FAF7C-CD90-4B7D-821B-8B50D6B182BC}.CD_ROM|Win32.Build.0 = Release|Win32
		{E69FAF7C-CD90-4B7D-821B-8B50D6B182BC}.Debug|Win32.ActiveCfg = Debug|Win32
		{E69FAF7C-CD90-4B7D-821B-8B50D6B182BC}.Debug|Win32.Build.0 = Debug|Win32
		{E69FAF7C-CD90-4B7D-821B-8B50D6B182BC}.DVD-5|Win32.ActiveCfg = Debug|Win32
		{E69FAF7C-CD90-4B7D-821B-8B50D6B182BC}.DVD-5|Win32.Build.0 = Debug|Win32
		{E69FAF7C-CD90-4B7D-821B-8B50D6B182BC}.Release|Win32.ActiveCfg = Release|Win32
		{E69FAF7C-CD90-4B7D-821B-8B50D6B182BC}.Release|Win32.Build.0 = Release|Win32
		{E69FAF7C-CD90-4B7D-821B-8B50D6B182BC}.SingleImage|Win32.ActiveCfg = Release|Win32
		{E69FAF7C-CD90-4B7D-821B-8B50D6B182BC}.SingleImage|Win32.Build.0 = Release|Win32
		{E5B74739-470E-44E2-AE90-E02E2AAC2B9C}.CD_ROM|Win32.ActiveCfg = Release|Win32
		{E5B74739-470E-44E2-AE90-E02E2AAC2B9C}.CD_ROM|Win32.Build.0 = Release|Win32
		{E5B74739-470E-44E2-AE90-E02E2AAC2B9C}.Debug|Win32.ActiveCfg = Debug|Win32
		{E5B74739-470E-44E2-AE90-E02E2AAC2B9C}.Debug|Win32.Build.0 = Debug|Win32
		{E5B74739-470E-44E2-AE90-E02E2AAC2B9C}.DVD-5|Win32.ActiveCfg = Debug|Win32
		{E5B74739-470E-44E2-AE90-E02E2AAC2B9C}.DVD-5|Win32.Build.0 = Debug|Win32
		{E5B74739-470E-44E2-AE90-E02E2AAC2B9C}.Release|Win32.ActiveCfg = Release|Win32
		{E5B74739-470E-44E2-AE90-E02E2AAC2B9C}.Release|Win32.Build.0 = Release|Win32
		{E5B74739-470E-44E2-AE90-E02E2AAC2B9C}.SingleImage|Win32.ActiveCfg = Release|Win32
		{E5B74739-470E-44E2-AE90-E02E2AAC2B9C}.SingleImage|Win32.Build.0 = Release|Win32
		{23E3B8D4-733F-4F4A-9E2C-5203CCFF05DE}.CD_ROM|Win32.ActiveCfg = Release|Win32
		{23E3B8D4-733F-4F4A-9E2C-5203CCFF05DE}.CD_ROM|Win32.Build.0 = Release|Win32
		{23E3B8D4-733F-4F4A-9E2C-5203CCFF05DE}.Debug|Win32.ActiveCfg = Debug|Win32
		{23E3B8D4-733F-4F4A-9E2C-5203CCFF05DE}.Debug|Win32.Build.0 = Debug|Win32
		{23E3B8D4-733F-4F4A-9E2C-5203CCFF05DE}.DVD-5|Win32.ActiveCfg = Debug|Win32
		{23E3B8D4-733F-4F4A-9E2C-5203CCFF05DE}.DVD-5|Win32.Build.0 = Debug|Win32
		{23E3B8D4-733F-4F4A-9E2C-5203CCFF05DE}.Release|Win32.ActiveCfg = Release|Win32
		{23E3B8D4-733F-4F4A-9E2C-5203CCFF05DE}.Release|Win32.Build.0 = Release|Win32
		{23E3B8D4-733F-4F4A-9E2C-5203CCFF05DE}.SingleImage|Win32.ActiveCfg = Release|Win32
		{23E3B8D4-733F-4F4A-9E2C-5203CCFF05DE}.SingleImage|Win32.Build.0 = Release|Win32
		{92CF26C1-FF9C-40AD-AA10-84A647D8638F}.CD_ROM|Win32.ActiveCfg = Release|Win32
		{92CF26C1-FF9C-40AD-AA10-84A647D8638F}.CD_ROM|Win32.Build.0 = Release|Win32
		{92CF26C1-FF9C-40AD-AA10-84A647D8638F}.Debug|Win32.ActiveCfg = Debug|Win32
		{92CF26C1-FF9C-40AD-AA10-84A647D8638F}.Debug|Win32.Build.0 = Debug|Win32
		{92CF26C1-FF9C-40AD-AA10-84A647D8638F}.DVD-5|Win32.ActiveCfg = Debug|Win32
		{92CF26C1-FF9C-40AD-AA10-84A647D8638F}.DVD-5|Win32.Build.0 = Debug|Win32
		{92CF26C1-FF9C-40AD-AA10-84A647D8638F}.Release|Win32.ActiveCfg = Release|Win32
		{92CF26C1-FF9C-40AD-AA10-84A647D8638F}.Release|Win32.Build.0 = Release|Win32
		{92CF26C1-FF9C-40AD-AA10-84A647D8638F}.SingleImage|Win32.ActiveCfg = Release|Win32
		{92CF26C1-FF9C-40AD-AA10-84A647D8638F}.SingleImage|Win32.Build.0 = Release|Win32
		{8DC61A4B-996E-4BFB-A3C1-23566D0F965B}.CD_ROM|Win32.ActiveCfg = Release|Win32
		{8DC61A4B-996E-4BFB-A3C1-23566D0F965B}.CD_ROM|Win32.Build.0 = Release|Win32
		{8DC61A4B-996E-4BFB-A3C1-23566D0F965B}.Debug|Win32.ActiveCfg = Debug|Win32
		{8DC61A4B-996E-4BFB-A3C1-23566D0F965B}.Debug|Win32.Build.0 = Debug|Win32
		{8DC61A4B-996E-4BFB-A3C1-23566D0F965B}.DVD-5|Win32.ActiveCfg = Debug|Win32
		{8DC61A4B-996E-4BFB-A3C1-23566D0F965B}.DVD-5|Win32.Build.0 = Debug|Win32
		{8DC61A4B-996E-4BFB-A3C1-23566D0F965B}.Release|Win32.ActiveCfg = Release|Win32
		{8DC61A4B-996E-4BFB-A3C1-23566D0F965B}.Release|Win32.Build.0 = Release|Win32
		{8DC61A4B-996E-4BFB-A3C1-23566D0F965B}.SingleImage|Win32.ActiveCfg = Release|Win32
		{8DC61A4B-996E-4BFB-A3C1-23566D0F965B}.SingleImage|Win32.Build.0 = Release|Win32
		{A968819C-462B-4BFB-8DC7-B7028DDC6ADD}.CD_ROM|Win32.ActiveCfg = Release|Win32
		{A968819C-462B-4BFB-8DC7-B7028DDC6ADD}.CD_ROM|Win32.Build.0 = Release|Win32
		{A968819C-462B-4BFB-8DC7-B7028DDC6ADD}.Debug|Win32.ActiveCfg = Debug|Win32
		{A968819C-462B-4BFB-8DC7-B7028DDC6ADD}.Debug|Win32.Build.0 = Debug|Win32
		{A968819C-462B-4BFB-8DC7-B7028DDC6ADD}.DVD-5|Win32.ActiveCfg = Debug|Win32
		{A968819C-462B-4BFB-8DC7-B7028DDC6ADD}.DVD-5|Win32.Build.0 = Debug|Win32
		{A968819C-462B-4BFB-8DC7-B7028DDC6ADD}.Release|Win32.ActiveCfg = Release|Win32
		{A968819C-462B-4BFB-8DC7-B7028DDC6ADD}.Release|Win32.Build.0 = Release|Win32
		{A968819C-462B-4BFB-8DC7-B7028DDC6ADD}.SingleImage|Win32.ActiveCfg = Release|Win32
		{A968819C-462B-4BFB-8DC7-B7028DDC6ADD}.SingleImage|Win32.Build.0 = Release|Win32
		{AE67EC5C-598F-4E10-AD9E-4C7980BE4860}.CD_ROM|Win32.ActiveCfg = Release|Win32
		{AE67EC5C-598F-4E10-AD9E-4C7980BE4860}.CD_ROM|Win32.Build.0 = Release|Win32
		{AE67EC5C-598F-4E10-AD9E-4C7980BE4860}.Debug|Win32.ActiveCfg = Debug|Win32
		{AE67EC5C-598F-4E10-AD9E-4C7980BE4860}.Debug|Win32.Build.0 = Debug|Win32
		{AE67EC5C-598F-4E10-AD9E-4C7980BE4860}.DVD-5|Win32.ActiveCfg = Debug|Win32
		{AE67EC5C-598F-4E10-AD9E-4C7980BE4860}.DVD-5|Win32.Build.0 = Debug|Win32
		{AE67EC5C-598F-4E10-AD9E-4C7980BE4860}.Release|Win32.ActiveCfg = Release|Win32
		{AE67EC5C-598F-4E10-AD9E-4C7980BE4860}.Release|Win32.Build.0 = Release|Win32
		{AE67EC5C-598F-4E10-AD9E-4C7980BE4860}.SingleImage|Win32.ActiveCfg = Release|Win32
		{AE67EC5C-598F-4E10-AD9E-4C7980BE4860}.SingleImage|Win32.Build.0 = Release|Win32
		{EE64F3D4-9FE1-4A13-AB23-66AE93EAC823}.CD_ROM|Win32.ActiveCfg = Release|Win32
		{EE64F3D4-9FE1-4A13-AB23-66AE93EAC823}.CD_ROM|Win32.Build.0 = Release|Win32
		{EE64F3D4-9FE1-4A13-AB23-66AE93EAC823}.Debug|Win32.ActiveCfg = Debug|Win32
		{EE64F3D4-9FE1-4A13-AB23-66AE93EAC823}.Debug|Win32.Build.0 = Debug|Win32
		{EE64F3D4-9FE1-4A13-AB23-66AE93EAC823}.DVD-5|Win32.ActiveCfg = Debug|Win32
		{EE64F3D4-9FE1-4A13-AB23-66AE93EAC823}.DVD-5|Win32.Build.0 = Debug|Win32
		{EE64F3D4-9FE1-4A13-AB23-66AE93EAC823}.Release|Win32.ActiveCfg = Release|Win32
		{EE64F3D4-9FE1-4A13-AB23-66AE93EAC823}.Release|Win32.Build.0 = Release|Win32
		{EE64F3D4-9FE1-4A13-AB23-66AE93EAC823}.SingleImage|Win32.ActiveCfg = Release|Win32
		{EE64F3D4-9FE1-4A13-AB23-66AE93EAC823}.SingleImage|Win32.Build.0 = Release|Win32
		{8289023F-015C-4D86-ACCB-4559C3D25921}.CD_ROM|Win32.ActiveCfg = Release|Win32
		{8289023F-015C-4D86-ACCB-4559C3D25921}.CD_ROM|Win32.Build.0 = Release|Win32
		{8289023F-015C-4D86-ACCB-4559C3D25921}.Debug|Win32.ActiveCfg = Debug|Win32
		{8289023F-015C-4D86-ACCB-4559C3D25921}.Debug|Win32.Build.0 = Debug|Win32
		{8289023F-015C-4D86-ACCB-4559C3D25921}.DVD-5|Win32.ActiveCfg = Debug|Win32
		{8289023F-015C-4D86-ACCB-4559C3D25921}.DVD-5|Win32.Build.0 = Debug|Win32
		{8289023F-015C-4D86-ACCB-4559C3D25921}.Release|Win32.ActiveCfg = Release|Win32
		{8289023F-015C-4D86-ACCB-4559C3D25921}.Release|Win32.Build.0 = Release|Win32
		{8289023F-015C-4D86-ACCB-4559C3D25921}.SingleImage|Win32.ActiveCfg = Release|Win32
		{8289023F-015C-4D86-ACCB-4559C3D25921}.SingleImage|Win32.Build.0 = Release|Win32
		{93EFBDF4-3059-4115-A8C2-E39CC2FAB7D8}.CD_ROM|Win32.ActiveCfg = Release|Win32
		{93EFBDF4-3059-4115-A8C2-E39CC2FAB7D8}.CD_ROM|Win32.Build.0 = Release|Win32
		{93EFBDF4-3059-4115-A8C2-E39CC2FAB7D8}.Debug|Win32.ActiveCfg = Debug|Win32
		{93EFBDF4-3059-4115-A8C2-E39CC2FAB7D8}.Debug|Win32.Build.0 = Debug|Win32
		{93EFBDF4-3059-4115-A8C2-E39CC2FAB7D8}.DVD-5|Win32.ActiveCfg = Debug|Win32
		{93EFBDF4-3059-4115-A8C2-E39CC2FAB7D8}.DVD-5|Win32.Build.0 = Debug|Win32
		{93EFBDF4-3059-4115-A8C2-E39CC2FAB7D8}.Release|Win32.ActiveCfg = Release|Win32
		{93EFBDF4-3059-4115-A8C2-E39CC2FAB7D8}.Release|Win32.Build.0 = Release|Win32
		{93EFBDF4-3059-4115-A8C2-E39CC2FAB7D8}.SingleImage|Win32.ActiveCfg = Release|Win32
		{93EFBDF4-3059-4115-A8C2-E39CC2FAB7D8}.SingleImage|Win32.Build.0 = Release|Win32
		{35FE5806-0583-4D98-87DF-37B09F29C284}.CD_ROM|Win32.ActiveCfg = Release|Win32
		{35FE5806-0583-4D98-87DF-37B09F29C284}.CD_ROM|Win32.Build.0 = Release|Win32
		{35FE5806-0583-4D98-87DF-37B09F29C284}.Debug|Win32.ActiveCfg = Debug|Win32
		{35FE5806-0583-4D98-87DF-37B09F29C284}.Debug|Win32.Build.0 = Debug|Win32
		{35FE5806-0583-4D98-87DF-37B09F29C284}.DVD-5|Win32.ActiveCfg = Debug|Win32
		{35FE5806-0583-4D98-87DF-37B09F29C284}.DVD-5|Win32.Build.0 = Debug|Win32
		{35FE5806-0583-4D98-87DF-37B09F29C284}.Release|Win32.ActiveCfg = Release|Win32
		{35FE5806-0583-4D98-87DF-37B09F29C284}.Release|Win32.Build.0 = Release|Win32
		{35FE5806-0583-4D98-87DF-37B09F29C284}.SingleImage|Win32.ActiveCfg = Release|Win32
		{35FE5806-0583-4D98-87DF-37B09F29C284}.SingleImage|Win32.Build.0 = Release|Win32
		{67C37FD3-DA6B-40BE-AF75-20DD3D89756B}.CD_ROM|Win32.ActiveCfg = Release|Win32
		{67C37FD3-DA6B-40BE-AF75-20DD3D89756B}.CD_ROM|Win32.Build.0 = Release|Win32
		{67C37FD3-DA6B-40BE-AF75-20DD3D89756B}.Debug|Win32.ActiveCfg = Debug|Win32
		{67C37FD3-DA6B-40BE-AF75-20DD3D89756B}.Debug|Win32.Build.0 = Debug|Win32
		{67C37FD3-DA6B-40BE-AF75-20DD3D89756B}.DVD-5|Win32.ActiveCfg = Debug|Win32
		{67C37FD3-DA6B-40BE-AF75-20DD3D89756B}.DVD-5|Win32.Build.0 = Debug|Win32
		{67C37FD3-DA6B-40BE-AF75-20DD3D89756B}.Release|Win32.ActiveCfg = Release|Win32
		{67C37FD3-DA6B-40BE-AF75-20DD3D89756B}.Release|Win32.Build.0 = Release|Win32
		{67C37FD3-DA6B-40BE-AF75-20DD3D89756B}.SingleImage|Win32.ActiveCfg = Release|Win32
		{67C37FD3-DA6B-40BE-AF75-20DD3D89756B}.SingleImage|Win32.Build.0 = Release|Win32
		{EDBE732D-B233-4DBD-BC0B-D732FD86DD9C}.CD_ROM|Win32.ActiveCfg = Release|Win32
		{EDBE732D-B233-4DBD-BC0B-D732FD86DD9C}.CD_ROM|Win32.Build.0 = Release|Win32
		{EDBE732D-B233-4DBD-BC0B-D732FD86DD9C}.Debug|Win32.ActiveCfg = Debug|Win32
		{EDBE732D-B233-4DBD-BC0B-D732FD86DD9C}.Debug|Win32.Build.0 = Debug|Win32
		{EDBE732D-B233-4DBD-BC0B-D732FD86DD9C}.DVD-5|Win32.ActiveCfg = Debug|Win32
		{EDBE732D-B233-4DBD-BC0B-D732FD86DD9C}.DVD-5|Win32.Build.0 = Debug|Win32
		{EDBE732D-B233-4DBD-BC0B-D732FD86DD9C}.Release|Win32.ActiveCfg = Release|Win32
		{EDBE732D-B233-4DBD-BC0B-D732FD86DD9C}.Release|Win32.Build.0 = Release|Win32
		{EDBE732D-B233-4DBD-BC0B-D732FD86DD9C}.SingleImage|Win32.ActiveCfg = Release|Win32
		{EDBE732D-B233-4DBD-BC0B-D732FD86DD9C}.SingleImage|Win32.Build.0 = Release|Win32
		{24F58249-A462-403B-A87D-2D4A0C477D7A}.CD_ROM|Win32.ActiveCfg = Release|Win32
		{24F58249-A462-403B-A87D-2D4A0C477D7A}.CD_ROM|Win32.Build.0 = Release|Win32
		{24F58249-A462-403B-A87D-2D4A0C477D7A}.Debug|Win32.ActiveCfg = Debug|Win32
		{24F58249-A462-403B-A87D-2D4A0C477D7A}.Debug|Win32.Build.0 = Debug|Win32
		{24F58249-A462-403B-A87D-2D4A0C477D7A}.DVD-5|Win32.ActiveCfg = Debug|Win32
		{24F58249-A462-403B-A87D-2D4A0C477D7A}.DVD-5|Win32.Build.0 = Debug|Win32
		{24F58249-A462-403B-A87D-2D4A0C477D7A}.Release|Win32.ActiveCfg = Release|Win32
		{24F58249-A462-403B-A87D-2D4A0C477D7A}.Release|Win32.Build.0 = Release|Win32
		{24F58249-A462-403B-A87D-2D4A0C477D7A}.SingleImage|Win32.ActiveCfg = Release|Win32
		{24F58249-A462-403B-A87D-2D4A0C477D7A}.SingleImage|Win32.Build.0 = Release|Win32
		{F7744BF8-BB9F-4BB9-B44E-7C269D293D92}.CD_ROM|Win32.ActiveCfg = Release|Win32
		{F7744BF8-BB9F-4BB9-B44E-7C269D293D92}.CD_ROM|Win32.Build.0 = Release|Win32
		{F7744BF8-BB9F-4BB9-B44E-7C269D293D92}.Debug|Win32.ActiveCfg = Debug|Win32
		{F7744BF8-BB9F-4BB9-B44E-7C269D293D92}.Debug|Win32.Build.0 = Debug|Win32
		{F7744BF8-BB9F-4BB9-B44E-7C269D293D92}.DVD-5|Win32.ActiveCfg = Debug|Win32
		{F7744BF8-BB9F-4BB9-B44E-7C269D293D92}.DVD-5|Win32.Build.0 = Debug|Win32
		{F7744BF8-BB9F-4BB9-B44E-7C269D293D92}.Release|Win32.ActiveCfg = Release|Win32
		{F7744BF8-BB9F-4BB9-B44E-7C269D293D92}.Release|Win32.Build.0 = Release|Win32
		{F7744BF8-BB9F-4BB9-B44E-7C269D293D92}.SingleImage|Win32.ActiveCfg = Release|Win32
		{F7744BF8-BB9F-4BB9-B44E-7C269D293D92}.SingleImage|Win32.Build.0 = Release|Win32
		{E34EF5CB-674B-488A-B716-FE2A9EDA76DE}.CD_ROM|Win32.ActiveCfg = Release|Win32
		{E34EF5CB-674B-488A-B716-FE2A9EDA76DE}.CD_ROM|Win32.Build.0 = Release|Win32
		{E34EF5CB-674B-488A-B716-FE2A9EDA76DE}.Debug|Win32.ActiveCfg = Debug|Win32
		{E34EF5CB-674B-488A-B716-FE2A9EDA76DE}.Debug|Win32.Build.0 = Debug|Win32
		{E34EF5CB-674B-488A-B716-FE2A9EDA76DE}.DVD-5|Win32.ActiveCfg = Debug|Win32
		{E34EF5CB-674B-488A-B716-FE2A9EDA76DE}.DVD-5|Win32.Build.0 = Debug|Win32
		{E34EF5CB-674B-488A-B716-FE2A9EDA76DE}.Release|Win32.ActiveCfg = Release|Win32
		{E34EF5CB-674B-488A-B716-FE2A9EDA76DE}.Release|Win32.Build.0 = Release|Win32
		{E34EF5CB-674B-488A-B716-FE2A9EDA76DE}.SingleImage|Win32.ActiveCfg = Release|Win32
		{E34EF5CB-674B-488A-B716-FE2A9EDA76DE}.SingleImage|Win32.Build.0 = Release|Win32
		{D45DF0B7-978F-4AED-B8DE-7E1E91E84AAE}.CD_ROM|Win32.ActiveCfg = Release|Win32
		{D45DF0B7-978F-4AED-B8DE-7E1E91E84AAE}.CD_ROM|Win32.Build.0 = Release|Win32
		{D45DF0B7-978F-4AED-B8DE-7E1E91E84AAE}.Debug|Win32.ActiveCfg = Debug|Win32
		{D45DF0B7-978F-4AED-B8DE-7E1E91E84AAE}.Debug|Win32.Build.0 = Debug|Win32
		{D45DF0B7-978F-4AED-B8DE-7E1E91E84AAE}.DVD-5|Win32.ActiveCfg = Debug|Win32
		{D45DF0B7-978F-4AED-B8DE-7E1E91E84AAE}.DVD-5|Win32.Build.0 = Debug|Win32
		{D45DF0B7-978F-4AED-B8DE-7E1E91E84AAE}.Release|Win32.ActiveCfg = Release|Win32
		{D45DF0B7-978F-4AED-B8DE-7E1E91E84AAE}.Release|Win32.Build.0 = Release|Win32
		{D45DF0B7-978F-4AED-B8DE-7E1E91E84AAE}.SingleImage|Win32.ActiveCfg = Release|Win32
		{D45DF0B7-978F-4AED-B8DE-7E1E91E84AAE}.SingleImage|Win32.Build.0 = Release|Win32
		{12CDF3BB-4B76-4190-8A2E-C136A5E69D7D}.CD_ROM|Win32.ActiveCfg = Release|Win32
		{12CDF3BB-4B76-4190-8A2E-C136A5E69D7D}.CD_ROM|Win32.Build.0 = Release|Win32
		{12CDF3BB-4B76-4190-8A2E-C136A5E69D7D}.Debug|Win32.ActiveCfg = Debug|Win32
		{12CDF3BB-4B76-4190-8A2E-C136A5E69D7D}.Debug|Win32.Build.0 = Debug|Win32
		{12CDF3BB-4B76-4190-8A2E-C136A5E69D7D}.DVD-5|Win32.ActiveCfg = Debug|Win32
		{12CDF3BB-4B76-4190-8A2E-C136A5E69D7D}.DVD-5|Win32.Build.0 = Debug|Win32
		{12CDF3BB-4B76-4190-8A2E-C136A5E69D7D}.Release|Win32.ActiveCfg = Release|Win32
		{12CDF3BB-4B76-4190-8A2E-C136A5E69D7D}.Release|Win32.Build.0 = Release|Win32
		{12CDF3BB-4B76-4190-8A2E-C136A5E69D7D}.SingleImage|Win32.ActiveCfg = Release|Win32
		{12CDF3BB-4B76-4190-8A2E-C136A5E69D7D}.SingleImage|Win32.Build.0 = Release|Win32
		{09F70A02-9118-416B-ABB4-8990BCBA997D}.CD_ROM|Win32.ActiveCfg = Release|Win32
		{09F70A02-9118-416B-ABB4-8990BCBA997D}.CD_ROM|Win32.Build.0 = Release|Win32
		{09F70A02-9118-416B-ABB4-8990BCBA997D}.Debug|Win32.ActiveCfg = Debug|Win32
		{09F70A02-9118-416B-ABB4-8990BCBA997D}.Debug|Win32.Build.0 = Debug|Win32
		{09F70A02-9118-416B-ABB4-8990BCBA997D}.DVD-5|Win32.ActiveCfg = Debug|Win32
		{09F70A02-9118-416B-ABB4-8990BCBA997D}.DVD-5|Win32.Build.0 = Debug|Win32
		{09F70A02-9118-416B-ABB4-8990BCBA997D}.Release|Win32.ActiveCfg = Release|Win32
		{09F70A02-9118-416B-ABB4-8990BCBA997D}.Release|Win32.Build.0 = Release|Win32
		{09F70A02-9118-416B-ABB4-8990BCBA997D}.SingleImage|Win32.ActiveCfg = Release|Win32
		{09F70A02-9118-416B-ABB4-8990BCBA997D}.SingleImage|Win32.Build.0 = Release|Win32
		{F7EC10FA-8397-48D7-82AB-637434CABEB9}.CD_ROM|Win32.ActiveCfg = Release|Win32
		{F7EC10FA-8397-48D7-82AB-637434CABEB9}.CD_ROM|Win32.Build.0 = Release|Win32
		{F7EC10FA-8397-48D7-82AB-637434CABEB9}.Debug|Win32.ActiveCfg = Debug|Win32
		{F7EC10FA-8397-48D7-82AB-637434CABEB9}.Debug|Win32.Build.0 = Debug|Win32
		{F7EC10FA-8397-48D7-82AB-637434CABEB9}.DVD-5|Win32.ActiveCfg = Debug|Win32
		{F7EC10FA-8397-48D7-82AB-637434CABEB9}.DVD-5|Win32.Build.0 = Debug|Win32
		{F7EC10FA-8397-48D7-82AB-637434CABEB9}.Release|Win32.ActiveCfg = Release|Win32
		{F7EC10FA-8397-48D7-82AB-637434CABEB9}.Release|Win32.Build.0 = Release|Win32
		{F7EC10FA-8397-48D7-82AB-637434CABEB9}.SingleImage|Win32.ActiveCfg = Release|Win32
		{F7EC10FA-8397-48D7-82AB-637434CABEB9}.SingleImage|Win32.Build.0 = Release|Win32
		{A441DB01-8C18-4016-8AB6-C81B6C1B7A07}.CD_ROM|Win32.ActiveCfg = Release|Win32
		{A441DB01-8C18-4016-8AB6-C81B6C1B7A07}.CD_ROM|Win32.Build.0 = Release|Win32
		{A441DB01-8C18-4016-8AB6-C81B6C1B7A07}.Debug|Win32.ActiveCfg = Debug|Win32
		{A441DB01-8C18-4016-8AB6-C81B6C1B7A07}.Debug|Win32.Build.0 = Debug|Win32
		{A441DB01-8C18-4016-8AB6-C81B6C1B7A07}.DVD-5|Win32.ActiveCfg = Debug|Win32
		{A441DB01-8C18-4016-8AB6-C81B6C1B7A07}.DVD-5|Win32.Build.0 = Debug|Win32
		{A441DB01-8C18-4016-8AB6-C81B6C1B7A07}.Release|Win32.ActiveCfg = Release|Win32
		{A441DB01-8C18-4016-8AB6-C81B6C1B7A07}.Release|Win32.Build.0 = Release|Win32
		{A441DB01-8C18-4016-8AB6-C81B6C1B7A07}.SingleImage|Win32.ActiveCfg = Release|Win32
		{A441DB01-8C18-4016-8AB6-C81B6C1B7A07}.SingleImage|Win32.Build.0 = Release|Win32
		{F06989E9-B307-4D6A-B704-2A2B1D2B7F29}.CD_ROM|Win32.ActiveCfg = Release|Win32
		{F06989E9-B307-4D6A-B704-2A2B1D2B7F29}.CD_ROM|Win32.Build.0 = Release|Win32
		{F06989E9-B307-4D6A-B704-2A2B1D2B7F29}.Debug|Win32.ActiveCfg = Debug|Win32
		{F06989E9-B307-4D6A-B704-2A2B1D2B7F29}.Debug|Win32.Build.0 = Debug|Win32
		{F06989E9-B307-4D6A-B704-2A2B1D2B7F29}.DVD-5|Win32.ActiveCfg = Debug|Win32
		{F06989E9-B307-4D6A-B704-2A2B1D2B7F29}.DVD-5|Win32.Build.0 = Debug|Win32
		{F06989E9-B307-4D6A-B704-2A2B1D2B7F29}.Release|Win32.ActiveCfg = Release|Win32
		{F06989E9-B307-4D6A-B704-2A2B1D2B7F29}.Release|Win32.Build.0 = Release|Win32
		{F06989E9-B307-4D6A-B704-2A2B1D2B7F29}.SingleImage|Win32.ActiveCfg = Release|Win32
		{F06989E9-B307-4D6A-B704-2A2B1D2B7F29}.SingleImage|Win32.Build.0 = Release|Win32
		{F46A3154-53FE-4AE1-BEBA-500A8CFCAF81}.CD_ROM|Win32.ActiveCfg = Release|Win32
		{F46A3154-53FE-4AE1-BEBA-500A8CFCAF81}.CD_ROM|Win32.Build.0 = Release|Win32
		{F46A3154-53FE-4AE1-BEBA-500A8CFCAF81}.Debug|Win32.ActiveCfg = Debug|Win32
		{F46A3154-53FE-4AE1-BEBA-500A8CFCAF81}.Debug|Win32.Build.0 = Debug|Win32
		{F46A3154-53FE-4AE1-BEBA-500A8CFCAF81}.DVD-5|Win32.ActiveCfg = Debug|Win32
		{F46A3154-53FE-4AE1-BEBA-500A8CFCAF81}.DVD-5|Win32.Build.0 = Debug|Win32
		{F46A3154-53FE-4AE1-BEBA-500A8CFCAF81}.Release|Win32.ActiveCfg = Release|Win32
		{F46A3154-53FE-4AE1-BEBA-500A8CFCAF81}.Release|Win32.Build.0 = Release|Win32
		{F46A3154-53FE-4AE1-BEBA-500A8CFCAF81}.SingleImage|Win32.ActiveCfg = Release|Win32
		{F46A3154-53FE-4AE1-BEBA-500A8CFCAF81}.SingleImage|Win32.Build.0 = Release|Win32
		{CA81CF1D-38F7-4305-9F08-EF155642CBCB}.CD_ROM|Win32.ActiveCfg = Release|Win32
		{CA81CF1D-38F7-4305-9F08-EF155642CBCB}.CD_ROM|Win32.Build.0 = Release|Win32
		{CA81CF1D-38F7-4305-9F08-EF155642CBCB}.Debug|Win32.ActiveCfg = Debug|Win32
		{CA81CF1D-38F7-4305-9F08-EF155642CBCB}.Debug|Win32.Build.0 = Debug|Win32
		{CA81CF1D-38F7-4305-9F08-EF155642CBCB}.DVD-5|Win32.ActiveCfg = Debug|Win32
		{CA81CF1D-38F7-4305-9F08-EF155642CBCB}.DVD-5|Win32.Build.0 = Debug|Win32
		{CA81CF1D-38F7-4305-9F08-EF155642CBCB}.Release|Win32.ActiveCfg = Release|Win32
		{CA81CF1D-38F7-4305-9F08-EF155642CBCB}.Release|Win32.Build.0 = Release|Win32
		{CA81CF1D-38F7-4305-9F08-EF155642CBCB}.SingleImage|Win32.ActiveCfg = Release|Win32
		{CA81CF1D-38F7-4305-9F08-EF155642CBCB}.SingleImage|Win32.Build.0 = Release|Win32
		{FEA94AF5-74A2-400A-B6DD-E84BE336D0BF}.CD_ROM|Win32.ActiveCfg = Release|Win32
		{FEA94AF5-74A2-400A-B6DD-E84BE336D0BF}.CD_ROM|Win32.Build.0 = Release|Win32
		{FEA94AF5-74A2-400A-B6DD-E84BE336D0BF}.Debug|Win32.ActiveCfg = Debug|Win32
		{FEA94AF5-74A2-400A-B6DD-E84BE336D0BF}.Debug|Win32.Build.0 = Debug|Win32
		{FEA94AF5-74A2-400A-B6DD-E84BE336D0BF}.DVD-5|Win32.ActiveCfg = Debug|Win32
		{FEA94AF5-74A2-400A-B6DD-E84BE336D0BF}.DVD-5|Win32.Build.0 = Debug|Win32
		{FEA94AF5-74A2-400A-B6DD-E84BE336D0BF}.Release|Win32.ActiveCfg = Release|Win32
		{FEA94AF5-74A2-400A-B6DD-E84BE336D0BF}.Release|Win32.Build.0 = Release|Win32
		{FEA94AF5-74A2-400A-B6DD-E84BE336D0BF}.SingleImage|Win32.ActiveCfg = Release|Win32
		{FEA94AF5-74A2-400A-B6DD-E84BE336D0BF}.SingleImage|Win32.Build.0 = Release|Win32
		{FBA1B122-347F-411B-BBB3-4F225098F345}.CD_ROM|Win32.ActiveCfg = Release|Win32
		{FBA1B122-347F-411B-BBB3-4F225098F345}.CD_ROM|Win32.Build.0 = Release|Win32
		{FBA1B122-347F-411B-BBB3-4F225098F345}.Debug|Win32.ActiveCfg = Debug|Win32
		{FBA1B122-347F-411B-BBB3-4F225098F345}.Debug|Win32.Build.0 = Debug|Win32
		{FBA1B122-347F-411B-BBB3-4F225098F345}.DVD-5|Win32.ActiveCfg = Debug|Win32
		{FBA1B122-347F-411B-BBB3-4F225098F345}.DVD-5|Win32.Build.0 = Debug|Win32
		{FBA1B122-347F-411B-BBB3-4F225098F345}.Release|Win32.ActiveCfg = Release|Win32
		{FBA1B122-347F-411B-BBB3-4F225098F345}.Release|Win32.Build.0 = Release|Win32
		{FBA1B122-347F-411B-BBB3-4F225098F345}.SingleImage|Win32.ActiveCfg = Release|Win32
		{FBA1B122-347F-411B-BBB3-4F225098F345}.SingleImage|Win32.Build.0 = Release|Win32
		{8A7CD685-26C2-4D41-98E4-D72CE34E0BD4}.CD_ROM|Win32.ActiveCfg = Release|Win32
		{8A7CD685-26C2-4D41-98E4-D72CE34E0BD4}.CD_ROM|Win32.Build.0 = Release|Win32
		{8A7CD685-26C2-4D41-98E4-D72CE34E0BD4}.Debug|Win32.ActiveCfg = Debug|Win32
		{8A7CD685-26C2-4D41-98E4-D72CE34E0BD4}.Debug|Win32.Build.0 = Debug|Win32
		{8A7CD685-26C2-4D41-98E4-D72CE34E0BD4}.DVD-5|Win32.ActiveCfg = Debug|Win32
		{8A7CD685-26C2-4D41-98E4-D72CE34E0BD4}.DVD-5|Win32.Build.0 = Debug|Win32
		{8A7CD685-26C2-4D41-98E4-D72CE34E0BD4}.Release|Win32.ActiveCfg = Release|Win32
		{8A7CD685-26C2-4D41-98E4-D72CE34E0BD4}.Release|Win32.Build.0 = Release|Win32
		{8A7CD685-26C2-4D41-98E4-D72CE34E0BD4}.SingleImage|Win32.ActiveCfg = Release|Win32
		{8A7CD685-26C2-4D41-98E4-D72CE34E0BD4}.SingleImage|Win32.Build.0 = Release|Win32
		{1A66E7FB-0D8B-4828-8644-052B1A842349}.CD_ROM|Win32.ActiveCfg = Release|Win32
		{1A66E7FB-0D8B-4828-8644-052B1A842349}.CD_ROM|Win32.Build.0 = Release|Win32
		{1A66E7FB-0D8B-4828-8644-052B1A842349}.Debug|Win32.ActiveCfg = Debug|Win32
		{1A66E7FB-0D8B-4828-8644-052B1A842349}.Debug|Win32.Build.0 = Debug|Win32
		{1A66E7FB-0D8B-4828-8644-052B1A842349}.DVD-5|Win32.ActiveCfg = Debug|Win32
		{1A66E7FB-0D8B-4828-8644-052B1A842349}.DVD-5|Win32.Build.0 = Debug|Win32
		{1A66E7FB-0D8B-4828-8644-052B1A842349}.Release|Win32.ActiveCfg = Release|Win32
		{1A66E7FB-0D8B-4828-8644-052B1A842349}.Release|Win32.Build.0 = Release|Win32
		{1A66E7FB-0D8B-4828-8644-052B1A842349}.SingleImage|Win32.ActiveCfg = Release|Win32
		{1A66E7FB-0D8B-4828-8644-052B1A842349}.SingleImage|Win32.Build.0 = Release|Win32
		{06735855-2502-4411-B821-A7E68153BFC3}.CD_ROM|Win32.ActiveCfg = Release|Win32
		{06735855-2502-4411-B821-A7E68153BFC3}.CD_ROM|Win32.Build.0 = Release|Win32
		{06735855-2502-4411-B821-A7E68153BFC3}.Debug|Win32.ActiveCfg = Debug|Win32
		{06735855-2502-4411-B821-A7E68153BFC3}.Debug|Win32.Build.0 = Debug|Win32
		{06735855-2502-4411-B821-A7E68153BFC3}.DVD-5|Win32.ActiveCfg = Debug|Win32
		{06735855-2502-4411-B821-A7E68153BFC3}.DVD-5|Win32.Build.0 = Debug|Win32
		{06735855-2502-4411-B821-A7E68153BFC3}.Release|Win32.ActiveCfg = Release|Win32
		{06735855-2502-4411-B821-A7E68153BFC3}.Release|Win32.Build.0 = Release|Win32
		{06735855-2502-4411-B821-A7E68153BFC3}.SingleImage|Win32.ActiveCfg = Release|Win32
		{06735855-2502-4411-B821-A7E68153BFC3}.SingleImage|Win32.Build.0 = Release|Win32
		{6C2B546F-1175-4FFF-A943-B993C7B16C33}.CD_ROM|Win32.ActiveCfg = Release|Win32
		{6C2B546F-1175-4FFF-A943-B993C7B16C33}.CD_ROM|Win32.Build.0 = Release|Win32
		{6C2B546F-1175-4FFF-A943-B993C7B16C33}.Debug|Win32.ActiveCfg = Debug|Win32
		{6C2B546F-1175-4FFF-A943-B993C7B16C33}.Debug|Win32.Build.0 = Debug|Win32
		{6C2B546F-1175-4FFF-A943-B993C7B16C33}.DVD-5|Win32.ActiveCfg = Debug|Win32
		{6C2B546F-1175-4FFF-A943-B993C7B16C33}.DVD-5|Win32.Build.0 = Debug|Win32
		{6C2B546F-1175-4FFF-A943-B993C7B16C33}.Release|Win32.ActiveCfg = Release|Win32
		{6C2B546F-1175-4FFF-A943-B993C7B16C33}.Release|Win32.Build.0 = Release|Win32
		{6C2B546F-1175-4FFF-A943-B993C7B16C33}.SingleImage|Win32.ActiveCfg = Release|Win32
		{6C2B546F-1175-4FFF-A943-B993C7B16C33}.SingleImage|Win32.Build.0 = Release|Win32
		{D4E54071-EC22-49D4-9198-4C933878D230}.CD_ROM|Win32.ActiveCfg = Release|Win32
		{D4E54071-EC22-49D4-9198-4C933878D230}.CD_ROM|Win32.Build.0 = Release|Win32
		{D4E54071-EC22-49D4-9198-4C933878D230}.Debug|Win32.ActiveCfg = Debug|Win32
		{D4E54071-EC22-49D4-9198-4C933878D230}.Debug|Win32.Build.0 = Debug|Win32
		{D4E54071-EC22-49D4-9198-4C933878D230}.DVD-5|Win32.ActiveCfg = Debug|Win32
		{D4E54071-EC22-49D4-9198-4C933878D230}.DVD-5|Win32.Build.0 = Debug|Win32
		{D4E54071-EC22-49D4-9198-4C933878D230}.Release|Win32.ActiveCfg = Release|Win32
		{D4E54071-EC22-49D4-9198-4C933878D230}.Release|Win32.Build.0 = Release|Win32
		{D4E54071-EC22-49D4-9198-4C933878D230}.SingleImage|Win32.ActiveCfg = Release|Win32
		{D4E54071-EC22-49D4-9198-4C933878D230}.SingleImage|Win32.Build.0 = Release|Win32
		{D72F0B68-AE7D-47F8-8F71-9BB1E1E1C688}.CD_ROM|Win32.ActiveCfg = Release|Win32
		{D72F0B68-AE7D-47F8-8F71-9BB1E1E1C688}.CD_ROM|Win32.Build.0 = Release|Win32
		{D72F0B68-AE7D-47F8-8F71-9BB1E1E1C688}.Debug|Win32.ActiveCfg = Debug|Win32
		{D72F0B68-AE7D-47F8-8F71-9BB1E1E1C688}.Debug|Win32.Build.0 = Debug|Win32
		{D72F0B68-AE7D-47F8-8F71-9BB1E1E1C688}.DVD-5|Win32.ActiveCfg = Debug|Win32
		{D72F0B68-AE7D-47F8-8F71-9BB1E1E1C688}.DVD-5|Win32.Build.0 = Debug|Win32
		{D72F0B68-AE7D-47F8-8F71-9BB1E1E1C688}.Release|Win32.ActiveCfg = Release|Win32
		{D72F0B68-AE7D-47F8-8F71-9BB1E1E1C688}.Release|Win32.Build.0 = Release|Win32
		{D72F0B68-AE7D-47F8-8F71-9BB1E1E1C688}.SingleImage|Win32.ActiveCfg = Release|Win32
		{D72F0B68-AE7D-47F8-8F71-9BB1E1E1C688}.SingleImage|Win32.Build.0 = Release|Win32
		{F7FFCE9C-610F-467D-82AA-E5A124B679C3}.CD_ROM|Win32.ActiveCfg = Release|Win32
		{F7FFCE9C-610F-467D-82AA-E5A124B679C3}.CD_ROM|Win32.Build.0 = Release|Win32
		{F7FFCE9C-610F-467D-82AA-E5A124B679C3}.Debug|Win32.ActiveCfg = Debug|Win32
		{F7FFCE9C-610F-467D-82AA-E5A124B679C3}.Debug|Win32.Build.0 = Debug|Win32
		{F7FFCE9C-610F-467D-82AA-E5A124B679C3}.DVD-5|Win32.ActiveCfg = Debug|Win32
		{F7FFCE9C-610F-467D-82AA-E5A124B679C3}.DVD-5|Win32.Build.0 = Debug|Win32
		{F7FFCE9C-610F-467D-82AA-E5A124B679C3}.Release|Win32.ActiveCfg = Release|Win32
		{F7FFCE9C-610F-467D-82AA-E5A124B679C3}.Release|Win32.Build.0 = Release|Win32
		{F7FFCE9C-610F-467D-82AA-E5A124B679C3}.SingleImage|Win32.ActiveCfg = Release|Win32
		{F7FFCE9C-610F-467D-82AA-E5A124B679C3}.SingleImage|Win32.Build.0 = Release|Win32
		{BFBF831F-4E33-4667-9E65-9E0302BE0AF7}.CD_ROM|Win32.ActiveCfg = Release|Win32
		{BFBF831F-4E33-4667-9E65-9E0302BE0AF7}.CD_ROM|Win32.Build.0 = Release|Win32
		{BFBF831F-4E33-4667-9E65-9E0302BE0AF7}.Debug|Win32.ActiveCfg = Debug|Win32
		{BFBF831F-4E33-4667-9E65-9E0302BE0AF7}.Debug|Win32.Build.0 = Debug|Win32
		{BFBF831F-4E33-4667-9E65-9E0302BE0AF7}.DVD-5|Win32.ActiveCfg = Debug|Win32
		{BFBF831F-4E33-4667-9E65-9E0302BE0AF7}.DVD-5|Win32.Build.0 = Debug|Win32
		{BFBF831F-4E33-4667-9E65-9E0302BE0AF7}.Release|Win32.ActiveCfg = Release|Win32
		{BFBF831F-4E33-4667-9E65-9E0302BE0AF7}.Release|Win32.Build.0 = Release|Win32
		{BFBF831F-4E33-4667-9E65-9E0302BE0AF7}.SingleImage|Win32.ActiveCfg = Release|Win32
		{BFBF831F-4E33-4667-9E65-9E0302BE0AF7}.SingleImage|Win32.Build.0 = Release|Win32
	EndGlobalSection
	GlobalSection(SolutionProperties) = preSolution
		HideSolutionNode = FALSE
	EndGlobalSection
EndGlobal
